
Microsoft Visual Studio Solution File, Format Version 12.00
# Visual Studio Version 17
VisualStudioVersion = 17.6.33829.357
MinimumVisualStudioVersion = 10.0.40219.1
Project("{2150E333-8FDC-42A3-9474-1A3956D46DE8}") = "Templates101", "Templates101", "{587C669A-9210-4EFA-9FEE-DDB20D5CE2DF}"
EndProject
Project("{2150E333-8FDC-42A3-9474-1A3956D46DE8}") = "SmartCode.Templates.Core", "SmartCode.Templates.Core", "{D2997051-D59C-46D1-9566-3995ED3857F7}"
EndProject
Project("{2150E333-8FDC-42A3-9474-1A3956D46DE8}") = "NorthwindDemo", "NorthwindDemo", "{55007343-7386-426C-9C87-D44E95A2196A}"
	ProjectSection(SolutionItems) = preProject
		Demo\Note.txt = Demo\Note.txt
	EndProjectSection
EndProject
Project("{2150E333-8FDC-42A3-9474-1A3956D46DE8}") = "StoreProcedures", "StoreProcedures", "{17959804-7A35-49F8-B4A4-4B5E3F8B242D}"
EndProject
Project("{2150E333-8FDC-42A3-9474-1A3956D46DE8}") = "DeleteRowByPrimaryKey", "DeleteRowByPrimaryKey", "{6E78FC0F-A616-4E95-B8F0-0E1FC7CCB45C}"
	ProjectSection(SolutionItems) = preProject
		Demo\StoreProcedures\DeleteRowByPrimaryKey\Categories_DeleteByPrimaryKey.sql = Demo\StoreProcedures\DeleteRowByPrimaryKey\Categories_DeleteByPrimaryKey.sql
		Demo\StoreProcedures\DeleteRowByPrimaryKey\Customers_DeleteByPrimaryKey.sql = Demo\StoreProcedures\DeleteRowByPrimaryKey\Customers_DeleteByPrimaryKey.sql
		Demo\StoreProcedures\DeleteRowByPrimaryKey\Employees_DeleteByPrimaryKey.sql = Demo\StoreProcedures\DeleteRowByPrimaryKey\Employees_DeleteByPrimaryKey.sql
		Demo\StoreProcedures\DeleteRowByPrimaryKey\Orders_DeleteByPrimaryKey.sql = Demo\StoreProcedures\DeleteRowByPrimaryKey\Orders_DeleteByPrimaryKey.sql
		Demo\StoreProcedures\DeleteRowByPrimaryKey\Products_DeleteByPrimaryKey.sql = Demo\StoreProcedures\DeleteRowByPrimaryKey\Products_DeleteByPrimaryKey.sql
		Demo\StoreProcedures\DeleteRowByPrimaryKey\Region_DeleteByPrimaryKey.sql = Demo\StoreProcedures\DeleteRowByPrimaryKey\Region_DeleteByPrimaryKey.sql
	EndProjectSection
EndProject
Project("{2150E333-8FDC-42A3-9474-1A3956D46DE8}") = "InsertCode", "InsertCode", "{6D7260B8-EF11-4428-B2CE-1D0C9A1ED393}"
	ProjectSection(SolutionItems) = preProject
		Demo\StoreProcedures\InsertCode\Categories_Insert.sql = Demo\StoreProcedures\InsertCode\Categories_Insert.sql
		Demo\StoreProcedures\InsertCode\Customers_Insert.sql = Demo\StoreProcedures\InsertCode\Customers_Insert.sql
		Demo\StoreProcedures\InsertCode\Employees_Insert.sql = Demo\StoreProcedures\InsertCode\Employees_Insert.sql
		Demo\StoreProcedures\InsertCode\Orders_Insert.sql = Demo\StoreProcedures\InsertCode\Orders_Insert.sql
		Demo\StoreProcedures\InsertCode\Products_Insert.sql = Demo\StoreProcedures\InsertCode\Products_Insert.sql
		Demo\StoreProcedures\InsertCode\Region_Insert.sql = Demo\StoreProcedures\InsertCode\Region_Insert.sql
	EndProjectSection
EndProject
Project("{2150E333-8FDC-42A3-9474-1A3956D46DE8}") = "SelectByPrimaryKey", "SelectByPrimaryKey", "{4CC7C4D8-0711-4FCE-A905-F506EF71B9CB}"
	ProjectSection(SolutionItems) = preProject
		Demo\StoreProcedures\SelectByPrimaryKey\Categories_SelectByPrimaryKey.sql = Demo\StoreProcedures\SelectByPrimaryKey\Categories_SelectByPrimaryKey.sql
		Demo\StoreProcedures\SelectByPrimaryKey\Customers_SelectByPrimaryKey.sql = Demo\StoreProcedures\SelectByPrimaryKey\Customers_SelectByPrimaryKey.sql
		Demo\StoreProcedures\SelectByPrimaryKey\Employees_SelectByPrimaryKey.sql = Demo\StoreProcedures\SelectByPrimaryKey\Employees_SelectByPrimaryKey.sql
		Demo\StoreProcedures\SelectByPrimaryKey\Orders_SelectByPrimaryKey.sql = Demo\StoreProcedures\SelectByPrimaryKey\Orders_SelectByPrimaryKey.sql
		Demo\StoreProcedures\SelectByPrimaryKey\Products_SelectByPrimaryKey.sql = Demo\StoreProcedures\SelectByPrimaryKey\Products_SelectByPrimaryKey.sql
		Demo\StoreProcedures\SelectByPrimaryKey\Region_SelectByPrimaryKey.sql = Demo\StoreProcedures\SelectByPrimaryKey\Region_SelectByPrimaryKey.sql
	EndProjectSection
EndProject
Project("{2150E333-8FDC-42A3-9474-1A3956D46DE8}") = "SelectRowsByWhere", "SelectRowsByWhere", "{38CE363D-3D14-48BC-B091-1870DA65246F}"
	ProjectSection(SolutionItems) = preProject
		Demo\StoreProcedures\SelectRowsByWhere\Categories_SelectRowsByWhere.sql = Demo\StoreProcedures\SelectRowsByWhere\Categories_SelectRowsByWhere.sql
		Demo\StoreProcedures\SelectRowsByWhere\Customers_SelectRowsByWhere.sql = Demo\StoreProcedures\SelectRowsByWhere\Customers_SelectRowsByWhere.sql
		Demo\StoreProcedures\SelectRowsByWhere\Employees_SelectRowsByWhere.sql = Demo\StoreProcedures\SelectRowsByWhere\Employees_SelectRowsByWhere.sql
		Demo\StoreProcedures\SelectRowsByWhere\Orders_SelectRowsByWhere.sql = Demo\StoreProcedures\SelectRowsByWhere\Orders_SelectRowsByWhere.sql
		Demo\StoreProcedures\SelectRowsByWhere\Products_SelectRowsByWhere.sql = Demo\StoreProcedures\SelectRowsByWhere\Products_SelectRowsByWhere.sql
		Demo\StoreProcedures\SelectRowsByWhere\Region_SelectRowsByWhere.sql = Demo\StoreProcedures\SelectRowsByWhere\Region_SelectRowsByWhere.sql
	EndProjectSection
EndProject
Project("{2150E333-8FDC-42A3-9474-1A3956D46DE8}") = "Update", "Update", "{AFB645E1-1ECC-456B-8336-1648BF7F5BBD}"
	ProjectSection(SolutionItems) = preProject
		Demo\StoreProcedures\Update\Categories_Update.sql = Demo\StoreProcedures\Update\Categories_Update.sql
		Demo\StoreProcedures\Update\Customers_Update.sql = Demo\StoreProcedures\Update\Customers_Update.sql
		Demo\StoreProcedures\Update\Employees_Update.sql = Demo\StoreProcedures\Update\Employees_Update.sql
		Demo\StoreProcedures\Update\Orders_Update.sql = Demo\StoreProcedures\Update\Orders_Update.sql
		Demo\StoreProcedures\Update\Products_Update.sql = Demo\StoreProcedures\Update\Products_Update.sql
		Demo\StoreProcedures\Update\Region_Update.sql = Demo\StoreProcedures\Update\Region_Update.sql
	EndProjectSection
EndProject
Project("{2150E333-8FDC-42A3-9474-1A3956D46DE8}") = "TaHoGen", "TaHoGen", "{C5B8E196-F706-4297-9DFB-642BB5B51195}"
EndProject
Project("{2150E333-8FDC-42A3-9474-1A3956D46DE8}") = "TaHoGen101", "TaHoGen101", "{FA973183-DD12-4AFD-B5A5-9C3D54BF4DBF}"
EndProject
Project("{2150E333-8FDC-42A3-9474-1A3956D46DE8}") = "BasicSamples", "BasicSamples", "{39203ED1-D19C-42FC-8821-1EAFF969CF63}"
EndProject
Project("{2150E333-8FDC-42A3-9474-1A3956D46DE8}") = "CollectionGen", "CollectionGen", "{63289349-10C7-414B-B515-1A8275A49C34}"
EndProject
Project("{2150E333-8FDC-42A3-9474-1A3956D46DE8}") = "NHibernate", "NHibernate", "{042C21FD-268E-4825-B612-D5CBAD82969B}"
EndProject
Project("{2150E333-8FDC-42A3-9474-1A3956D46DE8}") = "Bin", "Bin", "{8F03406E-1054-4BA2-8900-364DC329E39A}"
	ProjectSection(SolutionItems) = preProject
		TaHoGen\Bin\CodeSmithParser.dll = TaHoGen\Bin\CodeSmithParser.dll
		TaHoGen\Bin\Interop.CodeSmithParser.dll = TaHoGen\Bin\Interop.CodeSmithParser.dll
		TaHoGen\Bin\Interop.RegionParser.dll = TaHoGen\Bin\Interop.RegionParser.dll
		TaHoGen\Bin\readme.txt = TaHoGen\Bin\readme.txt
		TaHoGen\Bin\TaHoGen.Core.dll = TaHoGen\Bin\TaHoGen.Core.dll
		TaHoGen\Bin\TaHoGen.Core.pdb = TaHoGen\Bin\TaHoGen.Core.pdb
	EndProjectSection
EndProject
Project("{2150E333-8FDC-42A3-9474-1A3956D46DE8}") = "DNN4", "DNN4", "{B52A0ECD-C8C0-453B-80F9-EF3E41F434EB}"
EndProject
Project("{2150E333-8FDC-42A3-9474-1A3956D46DE8}") = "Templates", "Templates", "{8381F7C6-ABBA-4FA0-94A2-760983C23372}"
EndProject
Project("{2150E333-8FDC-42A3-9474-1A3956D46DE8}") = "NHibernate Best Practices", "NHibernate Best Practices", "{57241B0F-440E-43F7-BF68-F8F06FE2E6FB}"
EndProject
Project("{2150E333-8FDC-42A3-9474-1A3956D46DE8}") = "NHibernateTemplates", "NHibernateTemplates", "{317875CB-47A3-45B0-B01B-14365B4FC01A}"
EndProject
Project("{2150E333-8FDC-42A3-9474-1A3956D46DE8}") = "NorthwindSample", "NorthwindSample", "{D7DADDC8-558D-42A0-98E9-E6D0900E602C}"
EndProject
Project("{2150E333-8FDC-42A3-9474-1A3956D46DE8}") = "WebTemplates", "WebTemplates", "{08D6BF9C-27CC-48CD-8A62-91FBAE5FFE12}"
EndProject
Project("{2150E333-8FDC-42A3-9474-1A3956D46DE8}") = "Northwind.Core", "Northwind.Core", "{421B2460-F68E-49CD-A383-987FD26321F6}"
EndProject
Project("{2150E333-8FDC-42A3-9474-1A3956D46DE8}") = "Northwind.Data", "Northwind.Data", "{55176D8C-599A-44AA-8EC0-6D1A2A69E6CB}"
EndProject
Project("{2150E333-8FDC-42A3-9474-1A3956D46DE8}") = "Northwind.Web", "Northwind.Web", "{9B8F93BA-11E2-481F-9E37-870CDEE7FF1F}"
EndProject
Project("{2150E333-8FDC-42A3-9474-1A3956D46DE8}") = "ProjectBase.Utils", "ProjectBase.Utils", "{21BB5D83-2027-42A6-8C27-AAD497CECF6C}"
EndProject
Project("{FAE04EC0-301F-11D3-BF4B-00C04F79EFBC}") = "SmartCode.Model", "SmartCode.Model\SmartCode.Model.csproj", "{4DC59315-087C-4EFC-B8F5-B89097E18A94}"
EndProject
Project("{FAE04EC0-301F-11D3-BF4B-00C04F79EFBC}") = "SmartCode.Studio", "SmartCode.Studio\SmartCode.Studio.csproj", "{A4888270-91C9-412B-A753-E965E7D8F241}"
EndProject
Project("{FAE04EC0-301F-11D3-BF4B-00C04F79EFBC}") = "SmartCode.Template", "SmartCode.Template\SmartCode.Template.csproj", "{D4099BA2-B61C-4DD4-A2A6-DFC41229FF32}"
EndProject
Project("{FAE04EC0-301F-11D3-BF4B-00C04F79EFBC}") = "StoreProcedures", "Templates\StoreProcedures\StoreProcedures.csproj", "{44028B4D-0A49-4B7C-9560-06A7108AD931}"
EndProject
Project("{F184B08F-C81C-45F6-A57F-5ABD9991F28F}") = "SmartCode101", "Templates\SmartCode101\SmartCode101.vbproj", "{3ED595D4-8E15-4FED-9295-E581B668D4CC}"
	ProjectSection(WebsiteProperties) = preProject
		Debug.AspNetCompiler.Debug = "True"
		Release.AspNetCompiler.Debug = "False"
	EndProjectSection
EndProject
Project("{FAE04EC0-301F-11D3-BF4B-00C04F79EFBC}") = "SmartCode.Templates.Core.SQLServer", "SmartCode.Templates.Core\SmartCode.Templates.Core.SQLServer\SmartCode.Templates.Core.SQLServer.csproj", "{C29A2C46-1614-47AF-808F-B41C4E7BDB5E}"
EndProject
Project("{FAE04EC0-301F-11D3-BF4B-00C04F79EFBC}") = "SmartCode.Templates.Core.Tiers", "SmartCode.Templates.Core\SmartCode.Templates.Core.Tiers\SmartCode.Templates.Core.Tiers.csproj", "{F2702661-627F-4E6D-A5A9-8712DCE28DD4}"
EndProject
Project("{FAE04EC0-301F-11D3-BF4B-00C04F79EFBC}") = "Common", "Demo\Common\Common.csproj", "{23AC12A5-E6A7-4E6F-B5CA-BDE3E16EA197}"
EndProject
Project("{FAE04EC0-301F-11D3-BF4B-00C04F79EFBC}") = "DataAccess", "Demo\DataAccess\DataAccess.csproj", "{B847DB3C-DC11-4D6C-B82F-D952CC16142A}"
EndProject
Project("{FAE04EC0-301F-11D3-BF4B-00C04F79EFBC}") = "BusinessLayer", "Demo\BusinessLayer\BusinessLayer.csproj", "{E6306AF6-6A55-4FFB-B462-5221F98EB257}"
EndProject
Project("{FAE04EC0-301F-11D3-BF4B-00C04F79EFBC}") = "SimpleTest", "Demo\Test\SimpleTest.csproj", "{77A274DC-4089-46F0-A31A-8350A23B8C34}"
EndProject
Project("{FAE04EC0-301F-11D3-BF4B-00C04F79EFBC}") = "TaHoGen101", "TaHoGen\TaHoGen101\TaHoGen101.csproj", "{756E7814-F205-4A5E-9F76-EE2FAA22AE90}"
EndProject
Project("{FAE04EC0-301F-11D3-BF4B-00C04F79EFBC}") = "TaHoGen v3", "TaHoGen\TaHoGenv3_Src\TaHoGen v3.csproj", "{71FFDDDC-92CB-49B4-B441-D809DEEA00ED}"
EndProject
Project("{FAE04EC0-301F-11D3-BF4B-00C04F79EFBC}") = "SCTFiles", "TaHoGen\SCTFiles\SCTFiles.csproj", "{6F99141C-E0B9-4DF1-B3C8-B1DD3737B34E}"
EndProject
Project("{F184B08F-C81C-45F6-A57F-5ABD9991F28F}") = "VBBasicSamples", "TaHoGen\BasicSamples\VBBasicSamples\VBBasicSamples.vbproj", "{6B99F95C-5AB0-4CFE-9FD2-954D966174F0}"
	ProjectSection(WebsiteProperties) = preProject
		Debug.AspNetCompiler.Debug = "True"
		Release.AspNetCompiler.Debug = "False"
	EndProjectSection
EndProject
Project("{FAE04EC0-301F-11D3-BF4B-00C04F79EFBC}") = "CollectionGen", "TaHoGen\CollectionGen\CollectionGen.csproj", "{618DF1A0-8D78-4B86-B714-6C3A76A5F72A}"
EndProject
Project("{FAE04EC0-301F-11D3-BF4B-00C04F79EFBC}") = "NHibernate", "TaHoGen\NHibernate\NHibernate.csproj", "{A87723CC-F965-4BB5-972C-0B200E41160F}"
EndProject
Project("{FAE04EC0-301F-11D3-BF4B-00C04F79EFBC}") = "SmartCode.Model.Mapping", "SmartCode.Model.Mapping\SmartCode.Model.Mapping.csproj", "{1EDAFBDC-96BE-48FA-8499-95272959CB9E}"
EndProject
Project("{FAE04EC0-301F-11D3-BF4B-00C04F79EFBC}") = "DNN4", "TaHoGen\DNN4\DNN4.csproj", "{EBF7DFE9-3B4C-4F98-BB4E-C32D0B07466C}"
EndProject
Project("{FAE04EC0-301F-11D3-BF4B-00C04F79EFBC}") = "NHibernateTemplates", "Templates\ NHibernate Best Practices\NHibernate\NHibernateTemplates.csproj", "{2EE0F4AD-A7CD-4931-A824-BC5B973A7F44}"
EndProject
Project("{FAE04EC0-301F-11D3-BF4B-00C04F79EFBC}") = "Northwind.Core", "Templates\ NHibernate Best Practices\Northwind\Northwind.Core\Northwind.Core.csproj", "{860E9BF5-ECA0-403C-92B2-D8DDB696BB1B}"
EndProject
Project("{FAE04EC0-301F-11D3-BF4B-00C04F79EFBC}") = "Northwind.Data", "Templates\ NHibernate Best Practices\Northwind\Northwind.Data\Northwind.Data.csproj", "{DF442913-716B-4A18-8A70-004B0FEB0168}"
EndProject
Project("{FAE04EC0-301F-11D3-BF4B-00C04F79EFBC}") = "Northwind.Web", "Templates\ NHibernate Best Practices\Northwind\Northwind.Web\Northwind.Web.csproj", "{76558DAD-B319-498B-B8AC-89C25682FA01}"
EndProject
Project("{FAE04EC0-301F-11D3-BF4B-00C04F79EFBC}") = "ProjectBase.Utils", "Templates\ NHibernate Best Practices\Northwind\ProjectBase.Utils\ProjectBase.Utils.csproj", "{24D21FC0-59B8-4208-AA1D-1B30D3F3C101}"
EndProject
Project("{FAE04EC0-301F-11D3-BF4B-00C04F79EFBC}") = "WebTemplates", "Templates\ NHibernate Best Practices\WebTemplates\WebTemplates.csproj", "{43CD37B6-9B6D-4471-ACC1-FF62AFEBE83B}"
EndProject
Global
	GlobalSection(SolutionConfigurationPlatforms) = preSolution
		Debug .Net 2.0|Any CPU = Debug .Net 2.0|Any CPU
		Debug|Any CPU = Debug|Any CPU
		Express .Net 2.0|Any CPU = Express .Net 2.0|Any CPU
		Express|Any CPU = Express|Any CPU
		MonoDebug|Any CPU = MonoDebug|Any CPU
		MonoExpress|Any CPU = MonoExpress|Any CPU
		MonoRelease|Any CPU = MonoRelease|Any CPU
		MonoStandard|Any CPU = MonoStandard|Any CPU
		Release .Net 2.0|Any CPU = Release .Net 2.0|Any CPU
		Release|Any CPU = Release|Any CPU
		Standard .Net 2.0|Any CPU = Standard .Net 2.0|Any CPU
		Standard|Any CPU = Standard|Any CPU
	EndGlobalSection
	GlobalSection(ProjectConfigurationPlatforms) = postSolution
		{4DC59315-087C-4EFC-B8F5-B89097E18A94}.Debug .Net 2.0|Any CPU.ActiveCfg = Debug|Any CPU
		{4DC59315-087C-4EFC-B8F5-B89097E18A94}.Debug .Net 2.0|Any CPU.Build.0 = Debug|Any CPU
		{4DC59315-087C-4EFC-B8F5-B89097E18A94}.Debug|Any CPU.ActiveCfg = Debug|Any CPU
		{4DC59315-087C-4EFC-B8F5-B89097E18A94}.Debug|Any CPU.Build.0 = Debug|Any CPU
		{4DC59315-087C-4EFC-B8F5-B89097E18A94}.Express .Net 2.0|Any CPU.ActiveCfg = Release|Any CPU
		{4DC59315-087C-4EFC-B8F5-B89097E18A94}.Express .Net 2.0|Any CPU.Build.0 = Release|Any CPU
		{4DC59315-087C-4EFC-B8F5-B89097E18A94}.Express|Any CPU.ActiveCfg = Release|Any CPU
		{4DC59315-087C-4EFC-B8F5-B89097E18A94}.Express|Any CPU.Build.0 = Release|Any CPU
		{4DC59315-087C-4EFC-B8F5-B89097E18A94}.MonoDebug|Any CPU.ActiveCfg = Debug|Any CPU
		{4DC59315-087C-4EFC-B8F5-B89097E18A94}.MonoDebug|Any CPU.Build.0 = Debug|Any CPU
		{4DC59315-087C-4EFC-B8F5-B89097E18A94}.MonoExpress|Any CPU.ActiveCfg = Release|Any CPU
		{4DC59315-087C-4EFC-B8F5-B89097E18A94}.MonoExpress|Any CPU.Build.0 = Release|Any CPU
		{4DC59315-087C-4EFC-B8F5-B89097E18A94}.MonoRelease|Any CPU.ActiveCfg = Release|Any CPU
		{4DC59315-087C-4EFC-B8F5-B89097E18A94}.MonoRelease|Any CPU.Build.0 = Release|Any CPU
		{4DC59315-087C-4EFC-B8F5-B89097E18A94}.MonoStandard|Any CPU.ActiveCfg = Release|Any CPU
		{4DC59315-087C-4EFC-B8F5-B89097E18A94}.MonoStandard|Any CPU.Build.0 = Release|Any CPU
		{4DC59315-087C-4EFC-B8F5-B89097E18A94}.Release .Net 2.0|Any CPU.ActiveCfg = Release|Any CPU
		{4DC59315-087C-4EFC-B8F5-B89097E18A94}.Release .Net 2.0|Any CPU.Build.0 = Release|Any CPU
		{4DC59315-087C-4EFC-B8F5-B89097E18A94}.Release|Any CPU.ActiveCfg = Release|Any CPU
		{4DC59315-087C-4EFC-B8F5-B89097E18A94}.Release|Any CPU.Build.0 = Release|Any CPU
		{4DC59315-087C-4EFC-B8F5-B89097E18A94}.Standard .Net 2.0|Any CPU.ActiveCfg = Release|Any CPU
		{4DC59315-087C-4EFC-B8F5-B89097E18A94}.Standard .Net 2.0|Any CPU.Build.0 = Release|Any CPU
		{4DC59315-087C-4EFC-B8F5-B89097E18A94}.Standard|Any CPU.ActiveCfg = Release|Any CPU
		{4DC59315-087C-4EFC-B8F5-B89097E18A94}.Standard|Any CPU.Build.0 = Release|Any CPU
		{A4888270-91C9-412B-A753-E965E7D8F241}.Debug .Net 2.0|Any CPU.ActiveCfg = Debug|Any CPU
		{A4888270-91C9-412B-A753-E965E7D8F241}.Debug .Net 2.0|Any CPU.Build.0 = Debug|Any CPU
		{A4888270-91C9-412B-A753-E965E7D8F241}.Debug|Any CPU.ActiveCfg = Debug|Any CPU
		{A4888270-91C9-412B-A753-E965E7D8F241}.Debug|Any CPU.Build.0 = Debug|Any CPU
		{A4888270-91C9-412B-A753-E965E7D8F241}.Express .Net 2.0|Any CPU.ActiveCfg = Release|Any CPU
		{A4888270-91C9-412B-A753-E965E7D8F241}.Express .Net 2.0|Any CPU.Build.0 = Release|Any CPU
		{A4888270-91C9-412B-A753-E965E7D8F241}.Express|Any CPU.ActiveCfg = Release|Any CPU
		{A4888270-91C9-412B-A753-E965E7D8F241}.Express|Any CPU.Build.0 = Release|Any CPU
		{A4888270-91C9-412B-A753-E965E7D8F241}.MonoDebug|Any CPU.ActiveCfg = Debug|Any CPU
		{A4888270-91C9-412B-A753-E965E7D8F241}.MonoDebug|Any CPU.Build.0 = Debug|Any CPU
		{A4888270-91C9-412B-A753-E965E7D8F241}.MonoExpress|Any CPU.ActiveCfg = Release|Any CPU
		{A4888270-91C9-412B-A753-E965E7D8F241}.MonoExpress|Any CPU.Build.0 = Release|Any CPU
		{A4888270-91C9-412B-A753-E965E7D8F241}.MonoRelease|Any CPU.ActiveCfg = Release|Any CPU
		{A4888270-91C9-412B-A753-E965E7D8F241}.MonoRelease|Any CPU.Build.0 = Release|Any CPU
		{A4888270-91C9-412B-A753-E965E7D8F241}.MonoStandard|Any CPU.ActiveCfg = Release|Any CPU
		{A4888270-91C9-412B-A753-E965E7D8F241}.MonoStandard|Any CPU.Build.0 = Release|Any CPU
		{A4888270-91C9-412B-A753-E965E7D8F241}.Release .Net 2.0|Any CPU.ActiveCfg = Release|Any CPU
		{A4888270-91C9-412B-A753-E965E7D8F241}.Release .Net 2.0|Any CPU.Build.0 = Release|Any CPU
		{A4888270-91C9-412B-A753-E965E7D8F241}.Release|Any CPU.ActiveCfg = Release|Any CPU
		{A4888270-91C9-412B-A753-E965E7D8F241}.Release|Any CPU.Build.0 = Release|Any CPU
		{A4888270-91C9-412B-A753-E965E7D8F241}.Standard .Net 2.0|Any CPU.ActiveCfg = Release|Any CPU
		{A4888270-91C9-412B-A753-E965E7D8F241}.Standard .Net 2.0|Any CPU.Build.0 = Release|Any CPU
		{A4888270-91C9-412B-A753-E965E7D8F241}.Standard|Any CPU.ActiveCfg = Release|Any CPU
		{A4888270-91C9-412B-A753-E965E7D8F241}.Standard|Any CPU.Build.0 = Release|Any CPU
		{D4099BA2-B61C-4DD4-A2A6-DFC41229FF32}.Debug .Net 2.0|Any CPU.ActiveCfg = Debug|Any CPU
		{D4099BA2-B61C-4DD4-A2A6-DFC41229FF32}.Debug .Net 2.0|Any CPU.Build.0 = Debug|Any CPU
		{D4099BA2-B61C-4DD4-A2A6-DFC41229FF32}.Debug|Any CPU.ActiveCfg = Debug|Any CPU
		{D4099BA2-B61C-4DD4-A2A6-DFC41229FF32}.Debug|Any CPU.Build.0 = Debug|Any CPU
		{D4099BA2-B61C-4DD4-A2A6-DFC41229FF32}.Express .Net 2.0|Any CPU.ActiveCfg = Release|Any CPU
		{D4099BA2-B61C-4DD4-A2A6-DFC41229FF32}.Express .Net 2.0|Any CPU.Build.0 = Release|Any CPU
		{D4099BA2-B61C-4DD4-A2A6-DFC41229FF32}.Express|Any CPU.ActiveCfg = Release|Any CPU
		{D4099BA2-B61C-4DD4-A2A6-DFC41229FF32}.Express|Any CPU.Build.0 = Release|Any CPU
		{D4099BA2-B61C-4DD4-A2A6-DFC41229FF32}.MonoDebug|Any CPU.ActiveCfg = Debug|Any CPU
		{D4099BA2-B61C-4DD4-A2A6-DFC41229FF32}.MonoDebug|Any CPU.Build.0 = Debug|Any CPU
		{D4099BA2-B61C-4DD4-A2A6-DFC41229FF32}.MonoExpress|Any CPU.ActiveCfg = Release|Any CPU
		{D4099BA2-B61C-4DD4-A2A6-DFC41229FF32}.MonoExpress|Any CPU.Build.0 = Release|Any CPU
		{D4099BA2-B61C-4DD4-A2A6-DFC41229FF32}.MonoRelease|Any CPU.ActiveCfg = Release|Any CPU
		{D4099BA2-B61C-4DD4-A2A6-DFC41229FF32}.MonoRelease|Any CPU.Build.0 = Release|Any CPU
		{D4099BA2-B61C-4DD4-A2A6-DFC41229FF32}.MonoStandard|Any CPU.ActiveCfg = Release|Any CPU
		{D4099BA2-B61C-4DD4-A2A6-DFC41229FF32}.MonoStandard|Any CPU.Build.0 = Release|Any CPU
		{D4099BA2-B61C-4DD4-A2A6-DFC41229FF32}.Release .Net 2.0|Any CPU.ActiveCfg = Release|Any CPU
		{D4099BA2-B61C-4DD4-A2A6-DFC41229FF32}.Release .Net 2.0|Any CPU.Build.0 = Release|Any CPU
		{D4099BA2-B61C-4DD4-A2A6-DFC41229FF32}.Release|Any CPU.ActiveCfg = Release|Any CPU
		{D4099BA2-B61C-4DD4-A2A6-DFC41229FF32}.Release|Any CPU.Build.0 = Release|Any CPU
		{D4099BA2-B61C-4DD4-A2A6-DFC41229FF32}.Standard .Net 2.0|Any CPU.ActiveCfg = Release|Any CPU
		{D4099BA2-B61C-4DD4-A2A6-DFC41229FF32}.Standard .Net 2.0|Any CPU.Build.0 = Release|Any CPU
		{D4099BA2-B61C-4DD4-A2A6-DFC41229FF32}.Standard|Any CPU.ActiveCfg = Release|Any CPU
		{D4099BA2-B61C-4DD4-A2A6-DFC41229FF32}.Standard|Any CPU.Build.0 = Release|Any CPU
		{44028B4D-0A49-4B7C-9560-06A7108AD931}.Debug .Net 2.0|Any CPU.ActiveCfg = Debug|Any CPU
		{44028B4D-0A49-4B7C-9560-06A7108AD931}.Debug .Net 2.0|Any CPU.Build.0 = Debug|Any CPU
		{44028B4D-0A49-4B7C-9560-06A7108AD931}.Debug|Any CPU.ActiveCfg = Debug|Any CPU
		{44028B4D-0A49-4B7C-9560-06A7108AD931}.Debug|Any CPU.Build.0 = Debug|Any CPU
		{44028B4D-0A49-4B7C-9560-06A7108AD931}.Express .Net 2.0|Any CPU.ActiveCfg = Release|Any CPU
		{44028B4D-0A49-4B7C-9560-06A7108AD931}.Express .Net 2.0|Any CPU.Build.0 = Release|Any CPU
		{44028B4D-0A49-4B7C-9560-06A7108AD931}.Express|Any CPU.ActiveCfg = Release|Any CPU
		{44028B4D-0A49-4B7C-9560-06A7108AD931}.Express|Any CPU.Build.0 = Release|Any CPU
		{44028B4D-0A49-4B7C-9560-06A7108AD931}.MonoDebug|Any CPU.ActiveCfg = Debug|Any CPU
		{44028B4D-0A49-4B7C-9560-06A7108AD931}.MonoDebug|Any CPU.Build.0 = Debug|Any CPU
		{44028B4D-0A49-4B7C-9560-06A7108AD931}.MonoExpress|Any CPU.ActiveCfg = Release|Any CPU
		{44028B4D-0A49-4B7C-9560-06A7108AD931}.MonoExpress|Any CPU.Build.0 = Release|Any CPU
		{44028B4D-0A49-4B7C-9560-06A7108AD931}.MonoRelease|Any CPU.ActiveCfg = Release|Any CPU
		{44028B4D-0A49-4B7C-9560-06A7108AD931}.MonoRelease|Any CPU.Build.0 = Release|Any CPU
		{44028B4D-0A49-4B7C-9560-06A7108AD931}.MonoStandard|Any CPU.ActiveCfg = Release|Any CPU
		{44028B4D-0A49-4B7C-9560-06A7108AD931}.MonoStandard|Any CPU.Build.0 = Release|Any CPU
		{44028B4D-0A49-4B7C-9560-06A7108AD931}.Release .Net 2.0|Any CPU.ActiveCfg = Release|Any CPU
		{44028B4D-0A49-4B7C-9560-06A7108AD931}.Release .Net 2.0|Any CPU.Build.0 = Release|Any CPU
		{44028B4D-0A49-4B7C-9560-06A7108AD931}.Release|Any CPU.ActiveCfg = Release|Any CPU
		{44028B4D-0A49-4B7C-9560-06A7108AD931}.Standard .Net 2.0|Any CPU.ActiveCfg = Release|Any CPU
		{44028B4D-0A49-4B7C-9560-06A7108AD931}.Standard .Net 2.0|Any CPU.Build.0 = Release|Any CPU
		{44028B4D-0A49-4B7C-9560-06A7108AD931}.Standard|Any CPU.ActiveCfg = Release|Any CPU
		{44028B4D-0A49-4B7C-9560-06A7108AD931}.Standard|Any CPU.Build.0 = Release|Any CPU
		{3ED595D4-8E15-4FED-9295-E581B668D4CC}.Debug .Net 2.0|Any CPU.ActiveCfg = Debug|Any CPU
		{3ED595D4-8E15-4FED-9295-E581B668D4CC}.Debug .Net 2.0|Any CPU.Build.0 = Debug|Any CPU
		{3ED595D4-8E15-4FED-9295-E581B668D4CC}.Debug|Any CPU.ActiveCfg = Debug|Any CPU
		{3ED595D4-8E15-4FED-9295-E581B668D4CC}.Debug|Any CPU.Build.0 = Debug|Any CPU
		{3ED595D4-8E15-4FED-9295-E581B668D4CC}.Express .Net 2.0|Any CPU.ActiveCfg = Release|Any CPU
		{3ED595D4-8E15-4FED-9295-E581B668D4CC}.Express .Net 2.0|Any CPU.Build.0 = Release|Any CPU
		{3ED595D4-8E15-4FED-9295-E581B668D4CC}.Express|Any CPU.ActiveCfg = Release|Any CPU
		{3ED595D4-8E15-4FED-9295-E581B668D4CC}.Express|Any CPU.Build.0 = Release|Any CPU
		{3ED595D4-8E15-4FED-9295-E581B668D4CC}.MonoDebug|Any CPU.ActiveCfg = Debug|Any CPU
		{3ED595D4-8E15-4FED-9295-E581B668D4CC}.MonoDebug|Any CPU.Build.0 = Debug|Any CPU
		{3ED595D4-8E15-4FED-9295-E581B668D4CC}.MonoExpress|Any CPU.ActiveCfg = Release|Any CPU
		{3ED595D4-8E15-4FED-9295-E581B668D4CC}.MonoExpress|Any CPU.Build.0 = Release|Any CPU
		{3ED595D4-8E15-4FED-9295-E581B668D4CC}.MonoRelease|Any CPU.ActiveCfg = Release|Any CPU
		{3ED595D4-8E15-4FED-9295-E581B668D4CC}.MonoRelease|Any CPU.Build.0 = Release|Any CPU
		{3ED595D4-8E15-4FED-9295-E581B668D4CC}.MonoStandard|Any CPU.ActiveCfg = Release|Any CPU
		{3ED595D4-8E15-4FED-9295-E581B668D4CC}.MonoStandard|Any CPU.Build.0 = Release|Any CPU
		{3ED595D4-8E15-4FED-9295-E581B668D4CC}.Release .Net 2.0|Any CPU.ActiveCfg = Release|Any CPU
		{3ED595D4-8E15-4FED-9295-E581B668D4CC}.Release .Net 2.0|Any CPU.Build.0 = Release|Any CPU
		{3ED595D4-8E15-4FED-9295-E581B668D4CC}.Release|Any CPU.ActiveCfg = Release|Any CPU
		{3ED595D4-8E15-4FED-9295-E581B668D4CC}.Standard .Net 2.0|Any CPU.ActiveCfg = Release|Any CPU
		{3ED595D4-8E15-4FED-9295-E581B668D4CC}.Standard .Net 2.0|Any CPU.Build.0 = Release|Any CPU
		{3ED595D4-8E15-4FED-9295-E581B668D4CC}.Standard|Any CPU.ActiveCfg = Release|Any CPU
		{3ED595D4-8E15-4FED-9295-E581B668D4CC}.Standard|Any CPU.Build.0 = Release|Any CPU
		{C29A2C46-1614-47AF-808F-B41C4E7BDB5E}.Debug .Net 2.0|Any CPU.ActiveCfg = Debug|Any CPU
		{C29A2C46-1614-47AF-808F-B41C4E7BDB5E}.Debug .Net 2.0|Any CPU.Build.0 = Debug|Any CPU
		{C29A2C46-1614-47AF-808F-B41C4E7BDB5E}.Debug|Any CPU.ActiveCfg = Debug|Any CPU
		{C29A2C46-1614-47AF-808F-B41C4E7BDB5E}.Debug|Any CPU.Build.0 = Debug|Any CPU
		{C29A2C46-1614-47AF-808F-B41C4E7BDB5E}.Express .Net 2.0|Any CPU.ActiveCfg = Release|Any CPU
		{C29A2C46-1614-47AF-808F-B41C4E7BDB5E}.Express .Net 2.0|Any CPU.Build.0 = Release|Any CPU
		{C29A2C46-1614-47AF-808F-B41C4E7BDB5E}.Express|Any CPU.ActiveCfg = Release|Any CPU
		{C29A2C46-1614-47AF-808F-B41C4E7BDB5E}.Express|Any CPU.Build.0 = Release|Any CPU
		{C29A2C46-1614-47AF-808F-B41C4E7BDB5E}.MonoDebug|Any CPU.ActiveCfg = Debug|Any CPU
		{C29A2C46-1614-47AF-808F-B41C4E7BDB5E}.MonoDebug|Any CPU.Build.0 = Debug|Any CPU
		{C29A2C46-1614-47AF-808F-B41C4E7BDB5E}.MonoExpress|Any CPU.ActiveCfg = Release|Any CPU
		{C29A2C46-1614-47AF-808F-B41C4E7BDB5E}.MonoExpress|Any CPU.Build.0 = Release|Any CPU
		{C29A2C46-1614-47AF-808F-B41C4E7BDB5E}.MonoRelease|Any CPU.ActiveCfg = Release|Any CPU
		{C29A2C46-1614-47AF-808F-B41C4E7BDB5E}.MonoRelease|Any CPU.Build.0 = Release|Any CPU
		{C29A2C46-1614-47AF-808F-B41C4E7BDB5E}.MonoStandard|Any CPU.ActiveCfg = Release|Any CPU
		{C29A2C46-1614-47AF-808F-B41C4E7BDB5E}.MonoStandard|Any CPU.Build.0 = Release|Any CPU
		{C29A2C46-1614-47AF-808F-B41C4E7BDB5E}.Release .Net 2.0|Any CPU.ActiveCfg = Release|Any CPU
		{C29A2C46-1614-47AF-808F-B41C4E7BDB5E}.Release .Net 2.0|Any CPU.Build.0 = Release|Any CPU
		{C29A2C46-1614-47AF-808F-B41C4E7BDB5E}.Release|Any CPU.ActiveCfg = Release|Any CPU
		{C29A2C46-1614-47AF-808F-B41C4E7BDB5E}.Release|Any CPU.Build.0 = Release|Any CPU
		{C29A2C46-1614-47AF-808F-B41C4E7BDB5E}.Standard .Net 2.0|Any CPU.ActiveCfg = Release|Any CPU
		{C29A2C46-1614-47AF-808F-B41C4E7BDB5E}.Standard .Net 2.0|Any CPU.Build.0 = Release|Any CPU
		{C29A2C46-1614-47AF-808F-B41C4E7BDB5E}.Standard|Any CPU.ActiveCfg = Release|Any CPU
		{C29A2C46-1614-47AF-808F-B41C4E7BDB5E}.Standard|Any CPU.Build.0 = Release|Any CPU
		{F2702661-627F-4E6D-A5A9-8712DCE28DD4}.Debug .Net 2.0|Any CPU.ActiveCfg = Debug|Any CPU
		{F2702661-627F-4E6D-A5A9-8712DCE28DD4}.Debug .Net 2.0|Any CPU.Build.0 = Debug|Any CPU
		{F2702661-627F-4E6D-A5A9-8712DCE28DD4}.Debug|Any CPU.ActiveCfg = Debug|Any CPU
		{F2702661-627F-4E6D-A5A9-8712DCE28DD4}.Debug|Any CPU.Build.0 = Debug|Any CPU
		{F2702661-627F-4E6D-A5A9-8712DCE28DD4}.Express .Net 2.0|Any CPU.ActiveCfg = Release|Any CPU
		{F2702661-627F-4E6D-A5A9-8712DCE28DD4}.Express .Net 2.0|Any CPU.Build.0 = Release|Any CPU
		{F2702661-627F-4E6D-A5A9-8712DCE28DD4}.Express|Any CPU.ActiveCfg = Release|Any CPU
		{F2702661-627F-4E6D-A5A9-8712DCE28DD4}.Express|Any CPU.Build.0 = Release|Any CPU
		{F2702661-627F-4E6D-A5A9-8712DCE28DD4}.MonoDebug|Any CPU.ActiveCfg = Debug|Any CPU
		{F2702661-627F-4E6D-A5A9-8712DCE28DD4}.MonoDebug|Any CPU.Build.0 = Debug|Any CPU
		{F2702661-627F-4E6D-A5A9-8712DCE28DD4}.MonoExpress|Any CPU.ActiveCfg = Release|Any CPU
		{F2702661-627F-4E6D-A5A9-8712DCE28DD4}.MonoExpress|Any CPU.Build.0 = Release|Any CPU
		{F2702661-627F-4E6D-A5A9-8712DCE28DD4}.MonoRelease|Any CPU.ActiveCfg = Release|Any CPU
		{F2702661-627F-4E6D-A5A9-8712DCE28DD4}.MonoRelease|Any CPU.Build.0 = Release|Any CPU
		{F2702661-627F-4E6D-A5A9-8712DCE28DD4}.MonoStandard|Any CPU.ActiveCfg = Release|Any CPU
		{F2702661-627F-4E6D-A5A9-8712DCE28DD4}.MonoStandard|Any CPU.Build.0 = Release|Any CPU
		{F2702661-627F-4E6D-A5A9-8712DCE28DD4}.Release .Net 2.0|Any CPU.ActiveCfg = Release|Any CPU
		{F2702661-627F-4E6D-A5A9-8712DCE28DD4}.Release .Net 2.0|Any CPU.Build.0 = Release|Any CPU
		{F2702661-627F-4E6D-A5A9-8712DCE28DD4}.Release|Any CPU.ActiveCfg = Release|Any CPU
		{F2702661-627F-4E6D-A5A9-8712DCE28DD4}.Release|Any CPU.Build.0 = Release|Any CPU
		{F2702661-627F-4E6D-A5A9-8712DCE28DD4}.Standard .Net 2.0|Any CPU.ActiveCfg = Release|Any CPU
		{F2702661-627F-4E6D-A5A9-8712DCE28DD4}.Standard .Net 2.0|Any CPU.Build.0 = Release|Any CPU
		{F2702661-627F-4E6D-A5A9-8712DCE28DD4}.Standard|Any CPU.ActiveCfg = Release|Any CPU
		{F2702661-627F-4E6D-A5A9-8712DCE28DD4}.Standard|Any CPU.Build.0 = Release|Any CPU
		{23AC12A5-E6A7-4E6F-B5CA-BDE3E16EA197}.Debug .Net 2.0|Any CPU.ActiveCfg = Debug|Any CPU
		{23AC12A5-E6A7-4E6F-B5CA-BDE3E16EA197}.Debug .Net 2.0|Any CPU.Build.0 = Debug|Any CPU
		{23AC12A5-E6A7-4E6F-B5CA-BDE3E16EA197}.Debug|Any CPU.ActiveCfg = Debug|Any CPU
		{23AC12A5-E6A7-4E6F-B5CA-BDE3E16EA197}.Debug|Any CPU.Build.0 = Debug|Any CPU
		{23AC12A5-E6A7-4E6F-B5CA-BDE3E16EA197}.Express .Net 2.0|Any CPU.ActiveCfg = Release|Any CPU
		{23AC12A5-E6A7-4E6F-B5CA-BDE3E16EA197}.Express .Net 2.0|Any CPU.Build.0 = Release|Any CPU
		{23AC12A5-E6A7-4E6F-B5CA-BDE3E16EA197}.Express|Any CPU.ActiveCfg = Release|Any CPU
		{23AC12A5-E6A7-4E6F-B5CA-BDE3E16EA197}.Express|Any CPU.Build.0 = Release|Any CPU
		{23AC12A5-E6A7-4E6F-B5CA-BDE3E16EA197}.MonoDebug|Any CPU.ActiveCfg = Debug|Any CPU
		{23AC12A5-E6A7-4E6F-B5CA-BDE3E16EA197}.MonoDebug|Any CPU.Build.0 = Debug|Any CPU
		{23AC12A5-E6A7-4E6F-B5CA-BDE3E16EA197}.MonoExpress|Any CPU.ActiveCfg = Release|Any CPU
		{23AC12A5-E6A7-4E6F-B5CA-BDE3E16EA197}.MonoExpress|Any CPU.Build.0 = Release|Any CPU
		{23AC12A5-E6A7-4E6F-B5CA-BDE3E16EA197}.MonoRelease|Any CPU.ActiveCfg = Release|Any CPU
		{23AC12A5-E6A7-4E6F-B5CA-BDE3E16EA197}.MonoRelease|Any CPU.Build.0 = Release|Any CPU
		{23AC12A5-E6A7-4E6F-B5CA-BDE3E16EA197}.MonoStandard|Any CPU.ActiveCfg = Release|Any CPU
		{23AC12A5-E6A7-4E6F-B5CA-BDE3E16EA197}.MonoStandard|Any CPU.Build.0 = Release|Any CPU
		{23AC12A5-E6A7-4E6F-B5CA-BDE3E16EA197}.Release .Net 2.0|Any CPU.ActiveCfg = Release|Any CPU
		{23AC12A5-E6A7-4E6F-B5CA-BDE3E16EA197}.Release .Net 2.0|Any CPU.Build.0 = Release|Any CPU
		{23AC12A5-E6A7-4E6F-B5CA-BDE3E16EA197}.Release|Any CPU.ActiveCfg = Release|Any CPU
		{23AC12A5-E6A7-4E6F-B5CA-BDE3E16EA197}.Standard .Net 2.0|Any CPU.ActiveCfg = Release|Any CPU
		{23AC12A5-E6A7-4E6F-B5CA-BDE3E16EA197}.Standard .Net 2.0|Any CPU.Build.0 = Release|Any CPU
		{23AC12A5-E6A7-4E6F-B5CA-BDE3E16EA197}.Standard|Any CPU.ActiveCfg = Release|Any CPU
		{23AC12A5-E6A7-4E6F-B5CA-BDE3E16EA197}.Standard|Any CPU.Build.0 = Release|Any CPU
		{B847DB3C-DC11-4D6C-B82F-D952CC16142A}.Debug .Net 2.0|Any CPU.ActiveCfg = Debug|Any CPU
		{B847DB3C-DC11-4D6C-B82F-D952CC16142A}.Debug .Net 2.0|Any CPU.Build.0 = Debug|Any CPU
		{B847DB3C-DC11-4D6C-B82F-D952CC16142A}.Debug|Any CPU.ActiveCfg = Debug|Any CPU
		{B847DB3C-DC11-4D6C-B82F-D952CC16142A}.Debug|Any CPU.Build.0 = Debug|Any CPU
		{B847DB3C-DC11-4D6C-B82F-D952CC16142A}.Express .Net 2.0|Any CPU.ActiveCfg = Release|Any CPU
		{B847DB3C-DC11-4D6C-B82F-D952CC16142A}.Express .Net 2.0|Any CPU.Build.0 = Release|Any CPU
		{B847DB3C-DC11-4D6C-B82F-D952CC16142A}.Express|Any CPU.ActiveCfg = Release|Any CPU
		{B847DB3C-DC11-4D6C-B82F-D952CC16142A}.Express|Any CPU.Build.0 = Release|Any CPU
		{B847DB3C-DC11-4D6C-B82F-D952CC16142A}.MonoDebug|Any CPU.ActiveCfg = Debug|Any CPU
		{B847DB3C-DC11-4D6C-B82F-D952CC16142A}.MonoDebug|Any CPU.Build.0 = Debug|Any CPU
		{B847DB3C-DC11-4D6C-B82F-D952CC16142A}.MonoExpress|Any CPU.ActiveCfg = Release|Any CPU
		{B847DB3C-DC11-4D6C-B82F-D952CC16142A}.MonoExpress|Any CPU.Build.0 = Release|Any CPU
		{B847DB3C-DC11-4D6C-B82F-D952CC16142A}.MonoRelease|Any CPU.ActiveCfg = Release|Any CPU
		{B847DB3C-DC11-4D6C-B82F-D952CC16142A}.MonoRelease|Any CPU.Build.0 = Release|Any CPU
		{B847DB3C-DC11-4D6C-B82F-D952CC16142A}.MonoStandard|Any CPU.ActiveCfg = Release|Any CPU
		{B847DB3C-DC11-4D6C-B82F-D952CC16142A}.MonoStandard|Any CPU.Build.0 = Release|Any CPU
		{B847DB3C-DC11-4D6C-B82F-D952CC16142A}.Release .Net 2.0|Any CPU.ActiveCfg = Release|Any CPU
		{B847DB3C-DC11-4D6C-B82F-D952CC16142A}.Release .Net 2.0|Any CPU.Build.0 = Release|Any CPU
		{B847DB3C-DC11-4D6C-B82F-D952CC16142A}.Release|Any CPU.ActiveCfg = Release|Any CPU
		{B847DB3C-DC11-4D6C-B82F-D952CC16142A}.Standard .Net 2.0|Any CPU.ActiveCfg = Release|Any CPU
		{B847DB3C-DC11-4D6C-B82F-D952CC16142A}.Standard .Net 2.0|Any CPU.Build.0 = Release|Any CPU
		{B847DB3C-DC11-4D6C-B82F-D952CC16142A}.Standard|Any CPU.ActiveCfg = Release|Any CPU
		{B847DB3C-DC11-4D6C-B82F-D952CC16142A}.Standard|Any CPU.Build.0 = Release|Any CPU
		{E6306AF6-6A55-4FFB-B462-5221F98EB257}.Debug .Net 2.0|Any CPU.ActiveCfg = Debug|Any CPU
		{E6306AF6-6A55-4FFB-B462-5221F98EB257}.Debug .Net 2.0|Any CPU.Build.0 = Debug|Any CPU
		{E6306AF6-6A55-4FFB-B462-5221F98EB257}.Debug|Any CPU.ActiveCfg = Debug|Any CPU
		{E6306AF6-6A55-4FFB-B462-5221F98EB257}.Debug|Any CPU.Build.0 = Debug|Any CPU
		{E6306AF6-6A55-4FFB-B462-5221F98EB257}.Express .Net 2.0|Any CPU.ActiveCfg = Release|Any CPU
		{E6306AF6-6A55-4FFB-B462-5221F98EB257}.Express .Net 2.0|Any CPU.Build.0 = Release|Any CPU
		{E6306AF6-6A55-4FFB-B462-5221F98EB257}.Express|Any CPU.ActiveCfg = Release|Any CPU
		{E6306AF6-6A55-4FFB-B462-5221F98EB257}.Express|Any CPU.Build.0 = Release|Any CPU
		{E6306AF6-6A55-4FFB-B462-5221F98EB257}.MonoDebug|Any CPU.ActiveCfg = Debug|Any CPU
		{E6306AF6-6A55-4FFB-B462-5221F98EB257}.MonoDebug|Any CPU.Build.0 = Debug|Any CPU
		{E6306AF6-6A55-4FFB-B462-5221F98EB257}.MonoExpress|Any CPU.ActiveCfg = Release|Any CPU
		{E6306AF6-6A55-4FFB-B462-5221F98EB257}.MonoExpress|Any CPU.Build.0 = Release|Any CPU
		{E6306AF6-6A55-4FFB-B462-5221F98EB257}.MonoRelease|Any CPU.ActiveCfg = Release|Any CPU
		{E6306AF6-6A55-4FFB-B462-5221F98EB257}.MonoRelease|Any CPU.Build.0 = Release|Any CPU
		{E6306AF6-6A55-4FFB-B462-5221F98EB257}.MonoStandard|Any CPU.ActiveCfg = Release|Any CPU
		{E6306AF6-6A55-4FFB-B462-5221F98EB257}.MonoStandard|Any CPU.Build.0 = Release|Any CPU
		{E6306AF6-6A55-4FFB-B462-5221F98EB257}.Release .Net 2.0|Any CPU.ActiveCfg = Release|Any CPU
		{E6306AF6-6A55-4FFB-B462-5221F98EB257}.Release .Net 2.0|Any CPU.Build.0 = Release|Any CPU
		{E6306AF6-6A55-4FFB-B462-5221F98EB257}.Release|Any CPU.ActiveCfg = Release|Any CPU
		{E6306AF6-6A55-4FFB-B462-5221F98EB257}.Standard .Net 2.0|Any CPU.ActiveCfg = Release|Any CPU
		{E6306AF6-6A55-4FFB-B462-5221F98EB257}.Standard .Net 2.0|Any CPU.Build.0 = Release|Any CPU
		{E6306AF6-6A55-4FFB-B462-5221F98EB257}.Standard|Any CPU.ActiveCfg = Release|Any CPU
		{E6306AF6-6A55-4FFB-B462-5221F98EB257}.Standard|Any CPU.Build.0 = Release|Any CPU
		{77A274DC-4089-46F0-A31A-8350A23B8C34}.Debug .Net 2.0|Any CPU.ActiveCfg = Debug|Any CPU
		{77A274DC-4089-46F0-A31A-8350A23B8C34}.Debug .Net 2.0|Any CPU.Build.0 = Debug|Any CPU
		{77A274DC-4089-46F0-A31A-8350A23B8C34}.Debug|Any CPU.ActiveCfg = Debug|Any CPU
		{77A274DC-4089-46F0-A31A-8350A23B8C34}.Debug|Any CPU.Build.0 = Debug|Any CPU
		{77A274DC-4089-46F0-A31A-8350A23B8C34}.Express .Net 2.0|Any CPU.ActiveCfg = Release|Any CPU
		{77A274DC-4089-46F0-A31A-8350A23B8C34}.Express .Net 2.0|Any CPU.Build.0 = Release|Any CPU
		{77A274DC-4089-46F0-A31A-8350A23B8C34}.Express|Any CPU.ActiveCfg = Release|Any CPU
		{77A274DC-4089-46F0-A31A-8350A23B8C34}.Express|Any CPU.Build.0 = Release|Any CPU
		{77A274DC-4089-46F0-A31A-8350A23B8C34}.MonoDebug|Any CPU.ActiveCfg = Debug|Any CPU
		{77A274DC-4089-46F0-A31A-8350A23B8C34}.MonoDebug|Any CPU.Build.0 = Debug|Any CPU
		{77A274DC-4089-46F0-A31A-8350A23B8C34}.MonoExpress|Any CPU.ActiveCfg = Release|Any CPU
		{77A274DC-4089-46F0-A31A-8350A23B8C34}.MonoExpress|Any CPU.Build.0 = Release|Any CPU
		{77A274DC-4089-46F0-A31A-8350A23B8C34}.MonoRelease|Any CPU.ActiveCfg = Release|Any CPU
		{77A274DC-4089-46F0-A31A-8350A23B8C34}.MonoRelease|Any CPU.Build.0 = Release|Any CPU
		{77A274DC-4089-46F0-A31A-8350A23B8C34}.MonoStandard|Any CPU.ActiveCfg = Release|Any CPU
		{77A274DC-4089-46F0-A31A-8350A23B8C34}.MonoStandard|Any CPU.Build.0 = Release|Any CPU
		{77A274DC-4089-46F0-A31A-8350A23B8C34}.Release .Net 2.0|Any CPU.ActiveCfg = Release|Any CPU
		{77A274DC-4089-46F0-A31A-8350A23B8C34}.Release .Net 2.0|Any CPU.Build.0 = Release|Any CPU
		{77A274DC-4089-46F0-A31A-8350A23B8C34}.Release|Any CPU.ActiveCfg = Release|Any CPU
		{77A274DC-4089-46F0-A31A-8350A23B8C34}.Standard .Net 2.0|Any CPU.ActiveCfg = Release|Any CPU
		{77A274DC-4089-46F0-A31A-8350A23B8C34}.Standard .Net 2.0|Any CPU.Build.0 = Release|Any CPU
		{77A274DC-4089-46F0-A31A-8350A23B8C34}.Standard|Any CPU.ActiveCfg = Release|Any CPU
		{77A274DC-4089-46F0-A31A-8350A23B8C34}.Standard|Any CPU.Build.0 = Release|Any CPU
		{756E7814-F205-4A5E-9F76-EE2FAA22AE90}.Debug .Net 2.0|Any CPU.ActiveCfg = Debug|Any CPU
		{756E7814-F205-4A5E-9F76-EE2FAA22AE90}.Debug .Net 2.0|Any CPU.Build.0 = Debug|Any CPU
		{756E7814-F205-4A5E-9F76-EE2FAA22AE90}.Debug|Any CPU.ActiveCfg = Debug|Any CPU
		{756E7814-F205-4A5E-9F76-EE2FAA22AE90}.Debug|Any CPU.Build.0 = Debug|Any CPU
		{756E7814-F205-4A5E-9F76-EE2FAA22AE90}.Express .Net 2.0|Any CPU.ActiveCfg = Release|Any CPU
		{756E7814-F205-4A5E-9F76-EE2FAA22AE90}.Express .Net 2.0|Any CPU.Build.0 = Release|Any CPU
		{756E7814-F205-4A5E-9F76-EE2FAA22AE90}.Express|Any CPU.ActiveCfg = Release|Any CPU
		{756E7814-F205-4A5E-9F76-EE2FAA22AE90}.Express|Any CPU.Build.0 = Release|Any CPU
		{756E7814-F205-4A5E-9F76-EE2FAA22AE90}.MonoDebug|Any CPU.ActiveCfg = Debug|Any CPU
		{756E7814-F205-4A5E-9F76-EE2FAA22AE90}.MonoDebug|Any CPU.Build.0 = Debug|Any CPU
		{756E7814-F205-4A5E-9F76-EE2FAA22AE90}.MonoExpress|Any CPU.ActiveCfg = Release|Any CPU
		{756E7814-F205-4A5E-9F76-EE2FAA22AE90}.MonoExpress|Any CPU.Build.0 = Release|Any CPU
		{756E7814-F205-4A5E-9F76-EE2FAA22AE90}.MonoRelease|Any CPU.ActiveCfg = Release|Any CPU
		{756E7814-F205-4A5E-9F76-EE2FAA22AE90}.MonoRelease|Any CPU.Build.0 = Release|Any CPU
		{756E7814-F205-4A5E-9F76-EE2FAA22AE90}.MonoStandard|Any CPU.ActiveCfg = Release|Any CPU
		{756E7814-F205-4A5E-9F76-EE2FAA22AE90}.MonoStandard|Any CPU.Build.0 = Release|Any CPU
		{756E7814-F205-4A5E-9F76-EE2FAA22AE90}.Release .Net 2.0|Any CPU.ActiveCfg = Release|Any CPU
		{756E7814-F205-4A5E-9F76-EE2FAA22AE90}.Release .Net 2.0|Any CPU.Build.0 = Release|Any CPU
		{756E7814-F205-4A5E-9F76-EE2FAA22AE90}.Release|Any CPU.ActiveCfg = Release|Any CPU
		{756E7814-F205-4A5E-9F76-EE2FAA22AE90}.Standard .Net 2.0|Any CPU.ActiveCfg = Release|Any CPU
		{756E7814-F205-4A5E-9F76-EE2FAA22AE90}.Standard .Net 2.0|Any CPU.Build.0 = Release|Any CPU
		{756E7814-F205-4A5E-9F76-EE2FAA22AE90}.Standard|Any CPU.ActiveCfg = Release|Any CPU
		{756E7814-F205-4A5E-9F76-EE2FAA22AE90}.Standard|Any CPU.Build.0 = Release|Any CPU
		{71FFDDDC-92CB-49B4-B441-D809DEEA00ED}.Debug .Net 2.0|Any CPU.ActiveCfg = Debug|Any CPU
		{71FFDDDC-92CB-49B4-B441-D809DEEA00ED}.Debug .Net 2.0|Any CPU.Build.0 = Debug|Any CPU
		{71FFDDDC-92CB-49B4-B441-D809DEEA00ED}.Debug|Any CPU.ActiveCfg = Debug|Any CPU
		{71FFDDDC-92CB-49B4-B441-D809DEEA00ED}.Debug|Any CPU.Build.0 = Debug|Any CPU
		{71FFDDDC-92CB-49B4-B441-D809DEEA00ED}.Express .Net 2.0|Any CPU.ActiveCfg = Release|Any CPU
		{71FFDDDC-92CB-49B4-B441-D809DEEA00ED}.Express .Net 2.0|Any CPU.Build.0 = Release|Any CPU
		{71FFDDDC-92CB-49B4-B441-D809DEEA00ED}.Express|Any CPU.ActiveCfg = Release|Any CPU
		{71FFDDDC-92CB-49B4-B441-D809DEEA00ED}.Express|Any CPU.Build.0 = Release|Any CPU
		{71FFDDDC-92CB-49B4-B441-D809DEEA00ED}.MonoDebug|Any CPU.ActiveCfg = Debug|Any CPU
		{71FFDDDC-92CB-49B4-B441-D809DEEA00ED}.MonoDebug|Any CPU.Build.0 = Debug|Any CPU
		{71FFDDDC-92CB-49B4-B441-D809DEEA00ED}.MonoExpress|Any CPU.ActiveCfg = Release|Any CPU
		{71FFDDDC-92CB-49B4-B441-D809DEEA00ED}.MonoExpress|Any CPU.Build.0 = Release|Any CPU
		{71FFDDDC-92CB-49B4-B441-D809DEEA00ED}.MonoRelease|Any CPU.ActiveCfg = Release|Any CPU
		{71FFDDDC-92CB-49B4-B441-D809DEEA00ED}.MonoRelease|Any CPU.Build.0 = Release|Any CPU
		{71FFDDDC-92CB-49B4-B441-D809DEEA00ED}.MonoStandard|Any CPU.ActiveCfg = Release|Any CPU
		{71FFDDDC-92CB-49B4-B441-D809DEEA00ED}.MonoStandard|Any CPU.Build.0 = Release|Any CPU
		{71FFDDDC-92CB-49B4-B441-D809DEEA00ED}.Release .Net 2.0|Any CPU.ActiveCfg = Release|Any CPU
		{71FFDDDC-92CB-49B4-B441-D809DEEA00ED}.Release .Net 2.0|Any CPU.Build.0 = Release|Any CPU
		{71FFDDDC-92CB-49B4-B441-D809DEEA00ED}.Release|Any CPU.ActiveCfg = Release|Any CPU
		{71FFDDDC-92CB-49B4-B441-D809DEEA00ED}.Standard .Net 2.0|Any CPU.ActiveCfg = Release|Any CPU
		{71FFDDDC-92CB-49B4-B441-D809DEEA00ED}.Standard .Net 2.0|Any CPU.Build.0 = Release|Any CPU
		{71FFDDDC-92CB-49B4-B441-D809DEEA00ED}.Standard|Any CPU.ActiveCfg = Release|Any CPU
		{71FFDDDC-92CB-49B4-B441-D809DEEA00ED}.Standard|Any CPU.Build.0 = Release|Any CPU
		{6F99141C-E0B9-4DF1-B3C8-B1DD3737B34E}.Debug .Net 2.0|Any CPU.ActiveCfg = Debug|Any CPU
		{6F99141C-E0B9-4DF1-B3C8-B1DD3737B34E}.Debug|Any CPU.ActiveCfg = Debug|Any CPU
		{6F99141C-E0B9-4DF1-B3C8-B1DD3737B34E}.Debug|Any CPU.Build.0 = Debug|Any CPU
		{6F99141C-E0B9-4DF1-B3C8-B1DD3737B34E}.Express .Net 2.0|Any CPU.ActiveCfg = Release|Any CPU
		{6F99141C-E0B9-4DF1-B3C8-B1DD3737B34E}.Express .Net 2.0|Any CPU.Build.0 = Release|Any CPU
		{6F99141C-E0B9-4DF1-B3C8-B1DD3737B34E}.Express|Any CPU.ActiveCfg = Release|Any CPU
		{6F99141C-E0B9-4DF1-B3C8-B1DD3737B34E}.Express|Any CPU.Build.0 = Release|Any CPU
		{6F99141C-E0B9-4DF1-B3C8-B1DD3737B34E}.MonoDebug|Any CPU.ActiveCfg = Debug|Any CPU
		{6F99141C-E0B9-4DF1-B3C8-B1DD3737B34E}.MonoDebug|Any CPU.Build.0 = Debug|Any CPU
		{6F99141C-E0B9-4DF1-B3C8-B1DD3737B34E}.MonoExpress|Any CPU.ActiveCfg = Release|Any CPU
		{6F99141C-E0B9-4DF1-B3C8-B1DD3737B34E}.MonoExpress|Any CPU.Build.0 = Release|Any CPU
		{6F99141C-E0B9-4DF1-B3C8-B1DD3737B34E}.MonoRelease|Any CPU.ActiveCfg = Release|Any CPU
		{6F99141C-E0B9-4DF1-B3C8-B1DD3737B34E}.MonoRelease|Any CPU.Build.0 = Release|Any CPU
		{6F99141C-E0B9-4DF1-B3C8-B1DD3737B34E}.MonoStandard|Any CPU.ActiveCfg = Release|Any CPU
		{6F99141C-E0B9-4DF1-B3C8-B1DD3737B34E}.MonoStandard|Any CPU.Build.0 = Release|Any CPU
		{6F99141C-E0B9-4DF1-B3C8-B1DD3737B34E}.Release .Net 2.0|Any CPU.ActiveCfg = Release|Any CPU
		{6F99141C-E0B9-4DF1-B3C8-B1DD3737B34E}.Release .Net 2.0|Any CPU.Build.0 = Release|Any CPU
		{6F99141C-E0B9-4DF1-B3C8-B1DD3737B34E}.Release|Any CPU.ActiveCfg = Release|Any CPU
		{6F99141C-E0B9-4DF1-B3C8-B1DD3737B34E}.Standard .Net 2.0|Any CPU.ActiveCfg = Release|Any CPU
		{6F99141C-E0B9-4DF1-B3C8-B1DD3737B34E}.Standard .Net 2.0|Any CPU.Build.0 = Release|Any CPU
		{6F99141C-E0B9-4DF1-B3C8-B1DD3737B34E}.Standard|Any CPU.ActiveCfg = Release|Any CPU
		{6F99141C-E0B9-4DF1-B3C8-B1DD3737B34E}.Standard|Any CPU.Build.0 = Release|Any CPU
		{6B99F95C-5AB0-4CFE-9FD2-954D966174F0}.Debug .Net 2.0|Any CPU.ActiveCfg = Debug|Any CPU
		{6B99F95C-5AB0-4CFE-9FD2-954D966174F0}.Debug .Net 2.0|Any CPU.Build.0 = Debug|Any CPU
		{6B99F95C-5AB0-4CFE-9FD2-954D966174F0}.Debug|Any CPU.ActiveCfg = Debug|Any CPU
		{6B99F95C-5AB0-4CFE-9FD2-954D966174F0}.Debug|Any CPU.Build.0 = Debug|Any CPU
		{6B99F95C-5AB0-4CFE-9FD2-954D966174F0}.Express .Net 2.0|Any CPU.ActiveCfg = Release|Any CPU
		{6B99F95C-5AB0-4CFE-9FD2-954D966174F0}.Express .Net 2.0|Any CPU.Build.0 = Release|Any CPU
		{6B99F95C-5AB0-4CFE-9FD2-954D966174F0}.Express|Any CPU.ActiveCfg = Release|Any CPU
		{6B99F95C-5AB0-4CFE-9FD2-954D966174F0}.Express|Any CPU.Build.0 = Release|Any CPU
		{6B99F95C-5AB0-4CFE-9FD2-954D966174F0}.MonoDebug|Any CPU.ActiveCfg = Debug|Any CPU
		{6B99F95C-5AB0-4CFE-9FD2-954D966174F0}.MonoDebug|Any CPU.Build.0 = Debug|Any CPU
		{6B99F95C-5AB0-4CFE-9FD2-954D966174F0}.MonoExpress|Any CPU.ActiveCfg = Release|Any CPU
		{6B99F95C-5AB0-4CFE-9FD2-954D966174F0}.MonoExpress|Any CPU.Build.0 = Release|Any CPU
		{6B99F95C-5AB0-4CFE-9FD2-954D966174F0}.MonoRelease|Any CPU.ActiveCfg = Release|Any CPU
		{6B99F95C-5AB0-4CFE-9FD2-954D966174F0}.MonoRelease|Any CPU.Build.0 = Release|Any CPU
		{6B99F95C-5AB0-4CFE-9FD2-954D966174F0}.MonoStandard|Any CPU.ActiveCfg = Release|Any CPU
		{6B99F95C-5AB0-4CFE-9FD2-954D966174F0}.MonoStandard|Any CPU.Build.0 = Release|Any CPU
		{6B99F95C-5AB0-4CFE-9FD2-954D966174F0}.Release .Net 2.0|Any CPU.ActiveCfg = Release|Any CPU
		{6B99F95C-5AB0-4CFE-9FD2-954D966174F0}.Release .Net 2.0|Any CPU.Build.0 = Release|Any CPU
		{6B99F95C-5AB0-4CFE-9FD2-954D966174F0}.Release|Any CPU.ActiveCfg = Release|Any CPU
		{6B99F95C-5AB0-4CFE-9FD2-954D966174F0}.Standard .Net 2.0|Any CPU.ActiveCfg = Release|Any CPU
		{6B99F95C-5AB0-4CFE-9FD2-954D966174F0}.Standard .Net 2.0|Any CPU.Build.0 = Release|Any CPU
		{6B99F95C-5AB0-4CFE-9FD2-954D966174F0}.Standard|Any CPU.ActiveCfg = Release|Any CPU
		{6B99F95C-5AB0-4CFE-9FD2-954D966174F0}.Standard|Any CPU.Build.0 = Release|Any CPU
		{618DF1A0-8D78-4B86-B714-6C3A76A5F72A}.Debug .Net 2.0|Any CPU.ActiveCfg = Debug|Any CPU
		{618DF1A0-8D78-4B86-B714-6C3A76A5F72A}.Debug .Net 2.0|Any CPU.Build.0 = Debug|Any CPU
		{618DF1A0-8D78-4B86-B714-6C3A76A5F72A}.Debug|Any CPU.ActiveCfg = Debug|Any CPU
		{618DF1A0-8D78-4B86-B714-6C3A76A5F72A}.Debug|Any CPU.Build.0 = Debug|Any CPU
		{618DF1A0-8D78-4B86-B714-6C3A76A5F72A}.Express .Net 2.0|Any CPU.ActiveCfg = Release|Any CPU
		{618DF1A0-8D78-4B86-B714-6C3A76A5F72A}.Express .Net 2.0|Any CPU.Build.0 = Release|Any CPU
		{618DF1A0-8D78-4B86-B714-6C3A76A5F72A}.Express|Any CPU.ActiveCfg = Release|Any CPU
		{618DF1A0-8D78-4B86-B714-6C3A76A5F72A}.Express|Any CPU.Build.0 = Release|Any CPU
		{618DF1A0-8D78-4B86-B714-6C3A76A5F72A}.MonoDebug|Any CPU.ActiveCfg = Debug|Any CPU
		{618DF1A0-8D78-4B86-B714-6C3A76A5F72A}.MonoDebug|Any CPU.Build.0 = Debug|Any CPU
		{618DF1A0-8D78-4B86-B714-6C3A76A5F72A}.MonoExpress|Any CPU.ActiveCfg = Release|Any CPU
		{618DF1A0-8D78-4B86-B714-6C3A76A5F72A}.MonoExpress|Any CPU.Build.0 = Release|Any CPU
		{618DF1A0-8D78-4B86-B714-6C3A76A5F72A}.MonoRelease|Any CPU.ActiveCfg = Release|Any CPU
		{618DF1A0-8D78-4B86-B714-6C3A76A5F72A}.MonoRelease|Any CPU.Build.0 = Release|Any CPU
		{618DF1A0-8D78-4B86-B714-6C3A76A5F72A}.MonoStandard|Any CPU.ActiveCfg = Release|Any CPU
		{618DF1A0-8D78-4B86-B714-6C3A76A5F72A}.MonoStandard|Any CPU.Build.0 = Release|Any CPU
		{618DF1A0-8D78-4B86-B714-6C3A76A5F72A}.Release .Net 2.0|Any CPU.ActiveCfg = Release|Any CPU
		{618DF1A0-8D78-4B86-B714-6C3A76A5F72A}.Release .Net 2.0|Any CPU.Build.0 = Release|Any CPU
		{618DF1A0-8D78-4B86-B714-6C3A76A5F72A}.Release|Any CPU.ActiveCfg = Release|Any CPU
		{618DF1A0-8D78-4B86-B714-6C3A76A5F72A}.Standard .Net 2.0|Any CPU.ActiveCfg = Release|Any CPU
		{618DF1A0-8D78-4B86-B714-6C3A76A5F72A}.Standard .Net 2.0|Any CPU.Build.0 = Release|Any CPU
		{618DF1A0-8D78-4B86-B714-6C3A76A5F72A}.Standard|Any CPU.ActiveCfg = Release|Any CPU
		{618DF1A0-8D78-4B86-B714-6C3A76A5F72A}.Standard|Any CPU.Build.0 = Release|Any CPU
		{A87723CC-F965-4BB5-972C-0B200E41160F}.Debug .Net 2.0|Any CPU.ActiveCfg = Debug|Any CPU
		{A87723CC-F965-4BB5-972C-0B200E41160F}.Debug .Net 2.0|Any CPU.Build.0 = Debug|Any CPU
		{A87723CC-F965-4BB5-972C-0B200E41160F}.Debug|Any CPU.ActiveCfg = Debug|Any CPU
		{A87723CC-F965-4BB5-972C-0B200E41160F}.Debug|Any CPU.Build.0 = Debug|Any CPU
		{A87723CC-F965-4BB5-972C-0B200E41160F}.Express .Net 2.0|Any CPU.ActiveCfg = Release|Any CPU
		{A87723CC-F965-4BB5-972C-0B200E41160F}.Express .Net 2.0|Any CPU.Build.0 = Release|Any CPU
		{A87723CC-F965-4BB5-972C-0B200E41160F}.Express|Any CPU.ActiveCfg = Release|Any CPU
		{A87723CC-F965-4BB5-972C-0B200E41160F}.Express|Any CPU.Build.0 = Release|Any CPU
		{A87723CC-F965-4BB5-972C-0B200E41160F}.MonoDebug|Any CPU.ActiveCfg = Debug|Any CPU
		{A87723CC-F965-4BB5-972C-0B200E41160F}.MonoDebug|Any CPU.Build.0 = Debug|Any CPU
		{A87723CC-F965-4BB5-972C-0B200E41160F}.MonoExpress|Any CPU.ActiveCfg = Release|Any CPU
		{A87723CC-F965-4BB5-972C-0B200E41160F}.MonoExpress|Any CPU.Build.0 = Release|Any CPU
		{A87723CC-F965-4BB5-972C-0B200E41160F}.MonoRelease|Any CPU.ActiveCfg = Release|Any CPU
		{A87723CC-F965-4BB5-972C-0B200E41160F}.MonoRelease|Any CPU.Build.0 = Release|Any CPU
		{A87723CC-F965-4BB5-972C-0B200E41160F}.MonoStandard|Any CPU.ActiveCfg = Release|Any CPU
		{A87723CC-F965-4BB5-972C-0B200E41160F}.MonoStandard|Any CPU.Build.0 = Release|Any CPU
		{A87723CC-F965-4BB5-972C-0B200E41160F}.Release .Net 2.0|Any CPU.ActiveCfg = Release|Any CPU
		{A87723CC-F965-4BB5-972C-0B200E41160F}.Release .Net 2.0|Any CPU.Build.0 = Release|Any CPU
		{A87723CC-F965-4BB5-972C-0B200E41160F}.Release|Any CPU.ActiveCfg = Release|Any CPU
		{A87723CC-F965-4BB5-972C-0B200E41160F}.Standard .Net 2.0|Any CPU.ActiveCfg = Release|Any CPU
		{A87723CC-F965-4BB5-972C-0B200E41160F}.Standard .Net 2.0|Any CPU.Build.0 = Release|Any CPU
		{A87723CC-F965-4BB5-972C-0B200E41160F}.Standard|Any CPU.ActiveCfg = Release|Any CPU
		{A87723CC-F965-4BB5-972C-0B200E41160F}.Standard|Any CPU.Build.0 = Release|Any CPU
		{1EDAFBDC-96BE-48FA-8499-95272959CB9E}.Debug .Net 2.0|Any CPU.ActiveCfg = Debug|Any CPU
		{1EDAFBDC-96BE-48FA-8499-95272959CB9E}.Debug .Net 2.0|Any CPU.Build.0 = Debug|Any CPU
		{1EDAFBDC-96BE-48FA-8499-95272959CB9E}.Debug|Any CPU.ActiveCfg = Debug|Any CPU
		{1EDAFBDC-96BE-48FA-8499-95272959CB9E}.Debug|Any CPU.Build.0 = Debug|Any CPU
		{1EDAFBDC-96BE-48FA-8499-95272959CB9E}.Express .Net 2.0|Any CPU.ActiveCfg = Release|Any CPU
		{1EDAFBDC-96BE-48FA-8499-95272959CB9E}.Express .Net 2.0|Any CPU.Build.0 = Release|Any CPU
		{1EDAFBDC-96BE-48FA-8499-95272959CB9E}.Express|Any CPU.ActiveCfg = Release|Any CPU
		{1EDAFBDC-96BE-48FA-8499-95272959CB9E}.Express|Any CPU.Build.0 = Release|Any CPU
		{1EDAFBDC-96BE-48FA-8499-95272959CB9E}.MonoDebug|Any CPU.ActiveCfg = Debug|Any CPU
		{1EDAFBDC-96BE-48FA-8499-95272959CB9E}.MonoDebug|Any CPU.Build.0 = Debug|Any CPU
		{1EDAFBDC-96BE-48FA-8499-95272959CB9E}.MonoExpress|Any CPU.ActiveCfg = Release|Any CPU
		{1EDAFBDC-96BE-48FA-8499-95272959CB9E}.MonoExpress|Any CPU.Build.0 = Release|Any CPU
		{1EDAFBDC-96BE-48FA-8499-95272959CB9E}.MonoRelease|Any CPU.ActiveCfg = Release|Any CPU
		{1EDAFBDC-96BE-48FA-8499-95272959CB9E}.MonoRelease|Any CPU.Build.0 = Release|Any CPU
		{1EDAFBDC-96BE-48FA-8499-95272959CB9E}.MonoStandard|Any CPU.ActiveCfg = Release|Any CPU
		{1EDAFBDC-96BE-48FA-8499-95272959CB9E}.MonoStandard|Any CPU.Build.0 = Release|Any CPU
		{1EDAFBDC-96BE-48FA-8499-95272959CB9E}.Release .Net 2.0|Any CPU.ActiveCfg = Release|Any CPU
		{1EDAFBDC-96BE-48FA-8499-95272959CB9E}.Release .Net 2.0|Any CPU.Build.0 = Release|Any CPU
		{1EDAFBDC-96BE-48FA-8499-95272959CB9E}.Release|Any CPU.ActiveCfg = Release|Any CPU
		{1EDAFBDC-96BE-48FA-8499-95272959CB9E}.Standard .Net 2.0|Any CPU.ActiveCfg = Release|Any CPU
		{1EDAFBDC-96BE-48FA-8499-95272959CB9E}.Standard .Net 2.0|Any CPU.Build.0 = Release|Any CPU
		{1EDAFBDC-96BE-48FA-8499-95272959CB9E}.Standard|Any CPU.ActiveCfg = Release|Any CPU
		{1EDAFBDC-96BE-48FA-8499-95272959CB9E}.Standard|Any CPU.Build.0 = Release|Any CPU
		{EBF7DFE9-3B4C-4F98-BB4E-C32D0B07466C}.Debug .Net 2.0|Any CPU.ActiveCfg = Debug|Any CPU
		{EBF7DFE9-3B4C-4F98-BB4E-C32D0B07466C}.Debug .Net 2.0|Any CPU.Build.0 = Debug|Any CPU
		{EBF7DFE9-3B4C-4F98-BB4E-C32D0B07466C}.Debug|Any CPU.ActiveCfg = Debug|Any CPU
		{EBF7DFE9-3B4C-4F98-BB4E-C32D0B07466C}.Debug|Any CPU.Build.0 = Debug|Any CPU
		{EBF7DFE9-3B4C-4F98-BB4E-C32D0B07466C}.Express .Net 2.0|Any CPU.ActiveCfg = Release|Any CPU
		{EBF7DFE9-3B4C-4F98-BB4E-C32D0B07466C}.Express .Net 2.0|Any CPU.Build.0 = Release|Any CPU
		{EBF7DFE9-3B4C-4F98-BB4E-C32D0B07466C}.Express|Any CPU.ActiveCfg = Release|Any CPU
		{EBF7DFE9-3B4C-4F98-BB4E-C32D0B07466C}.Express|Any CPU.Build.0 = Release|Any CPU
		{EBF7DFE9-3B4C-4F98-BB4E-C32D0B07466C}.MonoDebug|Any CPU.ActiveCfg = Debug|Any CPU
		{EBF7DFE9-3B4C-4F98-BB4E-C32D0B07466C}.MonoDebug|Any CPU.Build.0 = Debug|Any CPU
		{EBF7DFE9-3B4C-4F98-BB4E-C32D0B07466C}.MonoExpress|Any CPU.ActiveCfg = Release|Any CPU
		{EBF7DFE9-3B4C-4F98-BB4E-C32D0B07466C}.MonoExpress|Any CPU.Build.0 = Release|Any CPU
		{EBF7DFE9-3B4C-4F98-BB4E-C32D0B07466C}.MonoRelease|Any CPU.ActiveCfg = Release|Any CPU
		{EBF7DFE9-3B4C-4F98-BB4E-C32D0B07466C}.MonoRelease|Any CPU.Build.0 = Release|Any CPU
		{EBF7DFE9-3B4C-4F98-BB4E-C32D0B07466C}.MonoStandard|Any CPU.ActiveCfg = Release|Any CPU
		{EBF7DFE9-3B4C-4F98-BB4E-C32D0B07466C}.MonoStandard|Any CPU.Build.0 = Release|Any CPU
		{EBF7DFE9-3B4C-4F98-BB4E-C32D0B07466C}.Release .Net 2.0|Any CPU.ActiveCfg = Release|Any CPU
		{EBF7DFE9-3B4C-4F98-BB4E-C32D0B07466C}.Release .Net 2.0|Any CPU.Build.0 = Release|Any CPU
		{EBF7DFE9-3B4C-4F98-BB4E-C32D0B07466C}.Release|Any CPU.ActiveCfg = Release|Any CPU
		{EBF7DFE9-3B4C-4F98-BB4E-C32D0B07466C}.Standard .Net 2.0|Any CPU.ActiveCfg = Release|Any CPU
		{EBF7DFE9-3B4C-4F98-BB4E-C32D0B07466C}.Standard .Net 2.0|Any CPU.Build.0 = Release|Any CPU
		{EBF7DFE9-3B4C-4F98-BB4E-C32D0B07466C}.Standard|Any CPU.ActiveCfg = Release|Any CPU
		{EBF7DFE9-3B4C-4F98-BB4E-C32D0B07466C}.Standard|Any CPU.Build.0 = Release|Any CPU
		{2EE0F4AD-A7CD-4931-A824-BC5B973A7F44}.Debug .Net 2.0|Any CPU.ActiveCfg = Debug|Any CPU
		{2EE0F4AD-A7CD-4931-A824-BC5B973A7F44}.Debug .Net 2.0|Any CPU.Build.0 = Debug|Any CPU
		{2EE0F4AD-A7CD-4931-A824-BC5B973A7F44}.Debug|Any CPU.ActiveCfg = Debug|Any CPU
		{2EE0F4AD-A7CD-4931-A824-BC5B973A7F44}.Debug|Any CPU.Build.0 = Debug|Any CPU
		{2EE0F4AD-A7CD-4931-A824-BC5B973A7F44}.Express .Net 2.0|Any CPU.ActiveCfg = Release|Any CPU
		{2EE0F4AD-A7CD-4931-A824-BC5B973A7F44}.Express .Net 2.0|Any CPU.Build.0 = Release|Any CPU
		{2EE0F4AD-A7CD-4931-A824-BC5B973A7F44}.Express|Any CPU.ActiveCfg = Release|Any CPU
		{2EE0F4AD-A7CD-4931-A824-BC5B973A7F44}.Express|Any CPU.Build.0 = Release|Any CPU
		{2EE0F4AD-A7CD-4931-A824-BC5B973A7F44}.MonoDebug|Any CPU.ActiveCfg = Debug|Any CPU
		{2EE0F4AD-A7CD-4931-A824-BC5B973A7F44}.MonoDebug|Any CPU.Build.0 = Debug|Any CPU
		{2EE0F4AD-A7CD-4931-A824-BC5B973A7F44}.MonoExpress|Any CPU.ActiveCfg = Release|Any CPU
		{2EE0F4AD-A7CD-4931-A824-BC5B973A7F44}.MonoExpress|Any CPU.Build.0 = Release|Any CPU
		{2EE0F4AD-A7CD-4931-A824-BC5B973A7F44}.MonoRelease|Any CPU.ActiveCfg = Release|Any CPU
		{2EE0F4AD-A7CD-4931-A824-BC5B973A7F44}.MonoRelease|Any CPU.Build.0 = Release|Any CPU
		{2EE0F4AD-A7CD-4931-A824-BC5B973A7F44}.MonoStandard|Any CPU.ActiveCfg = Release|Any CPU
		{2EE0F4AD-A7CD-4931-A824-BC5B973A7F44}.MonoStandard|Any CPU.Build.0 = Release|Any CPU
		{2EE0F4AD-A7CD-4931-A824-BC5B973A7F44}.Release .Net 2.0|Any CPU.ActiveCfg = Release|Any CPU
		{2EE0F4AD-A7CD-4931-A824-BC5B973A7F44}.Release .Net 2.0|Any CPU.Build.0 = Release|Any CPU
		{2EE0F4AD-A7CD-4931-A824-BC5B973A7F44}.Release|Any CPU.ActiveCfg = Release|Any CPU
		{2EE0F4AD-A7CD-4931-A824-BC5B973A7F44}.Release|Any CPU.Build.0 = Release|Any CPU
		{2EE0F4AD-A7CD-4931-A824-BC5B973A7F44}.Standard .Net 2.0|Any CPU.ActiveCfg = Release|Any CPU
		{2EE0F4AD-A7CD-4931-A824-BC5B973A7F44}.Standard .Net 2.0|Any CPU.Build.0 = Release|Any CPU
		{2EE0F4AD-A7CD-4931-A824-BC5B973A7F44}.Standard|Any CPU.ActiveCfg = Release|Any CPU
		{2EE0F4AD-A7CD-4931-A824-BC5B973A7F44}.Standard|Any CPU.Build.0 = Release|Any CPU
		{860E9BF5-ECA0-403C-92B2-D8DDB696BB1B}.Debug .Net 2.0|Any CPU.ActiveCfg = Debug|Any CPU
		{860E9BF5-ECA0-403C-92B2-D8DDB696BB1B}.Debug .Net 2.0|Any CPU.Build.0 = Debug|Any CPU
		{860E9BF5-ECA0-403C-92B2-D8DDB696BB1B}.Debug|Any CPU.ActiveCfg = Debug|Any CPU
		{860E9BF5-ECA0-403C-92B2-D8DDB696BB1B}.Debug|Any CPU.Build.0 = Debug|Any CPU
		{860E9BF5-ECA0-403C-92B2-D8DDB696BB1B}.Express .Net 2.0|Any CPU.ActiveCfg = Release|Any CPU
		{860E9BF5-ECA0-403C-92B2-D8DDB696BB1B}.Express .Net 2.0|Any CPU.Build.0 = Release|Any CPU
		{860E9BF5-ECA0-403C-92B2-D8DDB696BB1B}.Express|Any CPU.ActiveCfg = Release|Any CPU
		{860E9BF5-ECA0-403C-92B2-D8DDB696BB1B}.Express|Any CPU.Build.0 = Release|Any CPU
		{860E9BF5-ECA0-403C-92B2-D8DDB696BB1B}.MonoDebug|Any CPU.ActiveCfg = Debug|Any CPU
		{860E9BF5-ECA0-403C-92B2-D8DDB696BB1B}.MonoDebug|Any CPU.Build.0 = Debug|Any CPU
		{860E9BF5-ECA0-403C-92B2-D8DDB696BB1B}.MonoExpress|Any CPU.ActiveCfg = Release|Any CPU
		{860E9BF5-ECA0-403C-92B2-D8DDB696BB1B}.MonoExpress|Any CPU.Build.0 = Release|Any CPU
		{860E9BF5-ECA0-403C-92B2-D8DDB696BB1B}.MonoRelease|Any CPU.ActiveCfg = Release|Any CPU
		{860E9BF5-ECA0-403C-92B2-D8DDB696BB1B}.MonoRelease|Any CPU.Build.0 = Release|Any CPU
		{860E9BF5-ECA0-403C-92B2-D8DDB696BB1B}.MonoStandard|Any CPU.ActiveCfg = Release|Any CPU
		{860E9BF5-ECA0-403C-92B2-D8DDB696BB1B}.MonoStandard|Any CPU.Build.0 = Release|Any CPU
		{860E9BF5-ECA0-403C-92B2-D8DDB696BB1B}.Release .Net 2.0|Any CPU.ActiveCfg = Release|Any CPU
		{860E9BF5-ECA0-403C-92B2-D8DDB696BB1B}.Release .Net 2.0|Any CPU.Build.0 = Release|Any CPU
		{860E9BF5-ECA0-403C-92B2-D8DDB696BB1B}.Release|Any CPU.ActiveCfg = Release|Any CPU
		{860E9BF5-ECA0-403C-92B2-D8DDB696BB1B}.Release|Any CPU.Build.0 = Release|Any CPU
		{860E9BF5-ECA0-403C-92B2-D8DDB696BB1B}.Standard .Net 2.0|Any CPU.ActiveCfg = Release|Any CPU
		{860E9BF5-ECA0-403C-92B2-D8DDB696BB1B}.Standard .Net 2.0|Any CPU.Build.0 = Release|Any CPU
		{860E9BF5-ECA0-403C-92B2-D8DDB696BB1B}.Standard|Any CPU.ActiveCfg = Release|Any CPU
		{860E9BF5-ECA0-403C-92B2-D8DDB696BB1B}.Standard|Any CPU.Build.0 = Release|Any CPU
		{DF442913-716B-4A18-8A70-004B0FEB0168}.Debug .Net 2.0|Any CPU.ActiveCfg = Debug|Any CPU
		{DF442913-716B-4A18-8A70-004B0FEB0168}.Debug .Net 2.0|Any CPU.Build.0 = Debug|Any CPU
		{DF442913-716B-4A18-8A70-004B0FEB0168}.Debug|Any CPU.ActiveCfg = Debug|Any CPU
		{DF442913-716B-4A18-8A70-004B0FEB0168}.Debug|Any CPU.Build.0 = Debug|Any CPU
		{DF442913-716B-4A18-8A70-004B0FEB0168}.Express .Net 2.0|Any CPU.ActiveCfg = Release|Any CPU
		{DF442913-716B-4A18-8A70-004B0FEB0168}.Express .Net 2.0|Any CPU.Build.0 = Release|Any CPU
		{DF442913-716B-4A18-8A70-004B0FEB0168}.Express|Any CPU.ActiveCfg = Release|Any CPU
		{DF442913-716B-4A18-8A70-004B0FEB0168}.Express|Any CPU.Build.0 = Release|Any CPU
		{DF442913-716B-4A18-8A70-004B0FEB0168}.MonoDebug|Any CPU.ActiveCfg = Debug|Any CPU
		{DF442913-716B-4A18-8A70-004B0FEB0168}.MonoDebug|Any CPU.Build.0 = Debug|Any CPU
		{DF442913-716B-4A18-8A70-004B0FEB0168}.MonoExpress|Any CPU.ActiveCfg = Release|Any CPU
		{DF442913-716B-4A18-8A70-004B0FEB0168}.MonoExpress|Any CPU.Build.0 = Release|Any CPU
		{DF442913-716B-4A18-8A70-004B0FEB0168}.MonoRelease|Any CPU.ActiveCfg = Release|Any CPU
		{DF442913-716B-4A18-8A70-004B0FEB0168}.MonoRelease|Any CPU.Build.0 = Release|Any CPU
		{DF442913-716B-4A18-8A70-004B0FEB0168}.MonoStandard|Any CPU.ActiveCfg = Release|Any CPU
		{DF442913-716B-4A18-8A70-004B0FEB0168}.MonoStandard|Any CPU.Build.0 = Release|Any CPU
		{DF442913-716B-4A18-8A70-004B0FEB0168}.Release .Net 2.0|Any CPU.ActiveCfg = Release|Any CPU
		{DF442913-716B-4A18-8A70-004B0FEB0168}.Release .Net 2.0|Any CPU.Build.0 = Release|Any CPU
		{DF442913-716B-4A18-8A70-004B0FEB0168}.Release|Any CPU.ActiveCfg = Release|Any CPU
		{DF442913-716B-4A18-8A70-004B0FEB0168}.Release|Any CPU.Build.0 = Release|Any CPU
		{DF442913-716B-4A18-8A70-004B0FEB0168}.Standard .Net 2.0|Any CPU.ActiveCfg = Release|Any CPU
		{DF442913-716B-4A18-8A70-004B0FEB0168}.Standard .Net 2.0|Any CPU.Build.0 = Release|Any CPU
		{DF442913-716B-4A18-8A70-004B0FEB0168}.Standard|Any CPU.ActiveCfg = Release|Any CPU
		{DF442913-716B-4A18-8A70-004B0FEB0168}.Standard|Any CPU.Build.0 = Release|Any CPU
		{76558DAD-B319-498B-B8AC-89C25682FA01}.Debug .Net 2.0|Any CPU.ActiveCfg = Debug|Any CPU
		{76558DAD-B319-498B-B8AC-89C25682FA01}.Debug .Net 2.0|Any CPU.Build.0 = Debug|Any CPU
		{76558DAD-B319-498B-B8AC-89C25682FA01}.Debug|Any CPU.ActiveCfg = Debug|Any CPU
		{76558DAD-B319-498B-B8AC-89C25682FA01}.Debug|Any CPU.Build.0 = Debug|Any CPU
		{76558DAD-B319-498B-B8AC-89C25682FA01}.Express .Net 2.0|Any CPU.ActiveCfg = Release|Any CPU
		{76558DAD-B319-498B-B8AC-89C25682FA01}.Express .Net 2.0|Any CPU.Build.0 = Release|Any CPU
		{76558DAD-B319-498B-B8AC-89C25682FA01}.Express|Any CPU.ActiveCfg = Release|Any CPU
		{76558DAD-B319-498B-B8AC-89C25682FA01}.Express|Any CPU.Build.0 = Release|Any CPU
		{76558DAD-B319-498B-B8AC-89C25682FA01}.MonoDebug|Any CPU.ActiveCfg = Debug|Any CPU
		{76558DAD-B319-498B-B8AC-89C25682FA01}.MonoDebug|Any CPU.Build.0 = Debug|Any CPU
		{76558DAD-B319-498B-B8AC-89C25682FA01}.MonoExpress|Any CPU.ActiveCfg = Release|Any CPU
		{76558DAD-B319-498B-B8AC-89C25682FA01}.MonoExpress|Any CPU.Build.0 = Release|Any CPU
		{76558DAD-B319-498B-B8AC-89C25682FA01}.MonoRelease|Any CPU.ActiveCfg = Release|Any CPU
		{76558DAD-B319-498B-B8AC-89C25682FA01}.MonoRelease|Any CPU.Build.0 = Release|Any CPU
		{76558DAD-B319-498B-B8AC-89C25682FA01}.MonoStandard|Any CPU.ActiveCfg = Release|Any CPU
		{76558DAD-B319-498B-B8AC-89C25682FA01}.MonoStandard|Any CPU.Build.0 = Release|Any CPU
		{76558DAD-B319-498B-B8AC-89C25682FA01}.Release .Net 2.0|Any CPU.ActiveCfg = Release|Any CPU
		{76558DAD-B319-498B-B8AC-89C25682FA01}.Release .Net 2.0|Any CPU.Build.0 = Release|Any CPU
		{76558DAD-B319-498B-B8AC-89C25682FA01}.Release|Any CPU.ActiveCfg = Release|Any CPU
		{76558DAD-B319-498B-B8AC-89C25682FA01}.Release|Any CPU.Build.0 = Release|Any CPU
		{76558DAD-B319-498B-B8AC-89C25682FA01}.Standard .Net 2.0|Any CPU.ActiveCfg = Release|Any CPU
		{76558DAD-B319-498B-B8AC-89C25682FA01}.Standard .Net 2.0|Any CPU.Build.0 = Release|Any CPU
		{76558DAD-B319-498B-B8AC-89C25682FA01}.Standard|Any CPU.ActiveCfg = Release|Any CPU
		{76558DAD-B319-498B-B8AC-89C25682FA01}.Standard|Any CPU.Build.0 = Release|Any CPU
		{24D21FC0-59B8-4208-AA1D-1B30D3F3C101}.Debug .Net 2.0|Any CPU.ActiveCfg = Debug|Any CPU
		{24D21FC0-59B8-4208-AA1D-1B30D3F3C101}.Debug .Net 2.0|Any CPU.Build.0 = Debug|Any CPU
		{24D21FC0-59B8-4208-AA1D-1B30D3F3C101}.Debug|Any CPU.ActiveCfg = Debug|Any CPU
		{24D21FC0-59B8-4208-AA1D-1B30D3F3C101}.Debug|Any CPU.Build.0 = Debug|Any CPU
		{24D21FC0-59B8-4208-AA1D-1B30D3F3C101}.Express .Net 2.0|Any CPU.ActiveCfg = Release|Any CPU
		{24D21FC0-59B8-4208-AA1D-1B30D3F3C101}.Express .Net 2.0|Any CPU.Build.0 = Release|Any CPU
		{24D21FC0-59B8-4208-AA1D-1B30D3F3C101}.Express|Any CPU.ActiveCfg = Release|Any CPU
		{24D21FC0-59B8-4208-AA1D-1B30D3F3C101}.Express|Any CPU.Build.0 = Release|Any CPU
		{24D21FC0-59B8-4208-AA1D-1B30D3F3C101}.MonoDebug|Any CPU.ActiveCfg = Debug|Any CPU
		{24D21FC0-59B8-4208-AA1D-1B30D3F3C101}.MonoDebug|Any CPU.Build.0 = Debug|Any CPU
		{24D21FC0-59B8-4208-AA1D-1B30D3F3C101}.MonoExpress|Any CPU.ActiveCfg = Release|Any CPU
		{24D21FC0-59B8-4208-AA1D-1B30D3F3C101}.MonoExpress|Any CPU.Build.0 = Release|Any CPU
		{24D21FC0-59B8-4208-AA1D-1B30D3F3C101}.MonoRelease|Any CPU.ActiveCfg = Release|Any CPU
		{24D21FC0-59B8-4208-AA1D-1B30D3F3C101}.MonoRelease|Any CPU.Build.0 = Release|Any CPU
		{24D21FC0-59B8-4208-AA1D-1B30D3F3C101}.MonoStandard|Any CPU.ActiveCfg = Release|Any CPU
		{24D21FC0-59B8-4208-AA1D-1B30D3F3C101}.MonoStandard|Any CPU.Build.0 = Release|Any CPU
		{24D21FC0-59B8-4208-AA1D-1B30D3F3C101}.Release .Net 2.0|Any CPU.ActiveCfg = Release|Any CPU
		{24D21FC0-59B8-4208-AA1D-1B30D3F3C101}.Release .Net 2.0|Any CPU.Build.0 = Release|Any CPU
		{24D21FC0-59B8-4208-AA1D-1B30D3F3C101}.Release|Any CPU.ActiveCfg = Release|Any CPU
		{24D21FC0-59B8-4208-AA1D-1B30D3F3C101}.Release|Any CPU.Build.0 = Release|Any CPU
		{24D21FC0-59B8-4208-AA1D-1B30D3F3C101}.Standard .Net 2.0|Any CPU.ActiveCfg = Release|Any CPU
		{24D21FC0-59B8-4208-AA1D-1B30D3F3C101}.Standard .Net 2.0|Any CPU.Build.0 = Release|Any CPU
		{24D21FC0-59B8-4208-AA1D-1B30D3F3C101}.Standard|Any CPU.ActiveCfg = Release|Any CPU
		{24D21FC0-59B8-4208-AA1D-1B30D3F3C101}.Standard|Any CPU.Build.0 = Release|Any CPU
		{43CD37B6-9B6D-4471-ACC1-FF62AFEBE83B}.Debug .Net 2.0|Any CPU.ActiveCfg = Debug|Any CPU
		{43CD37B6-9B6D-4471-ACC1-FF62AFEBE83B}.Debug .Net 2.0|Any CPU.Build.0 = Debug|Any CPU
		{43CD37B6-9B6D-4471-ACC1-FF62AFEBE83B}.Debug|Any CPU.ActiveCfg = Debug|Any CPU
		{43CD37B6-9B6D-4471-ACC1-FF62AFEBE83B}.Debug|Any CPU.Build.0 = Debug|Any CPU
		{43CD37B6-9B6D-4471-ACC1-FF62AFEBE83B}.Express .Net 2.0|Any CPU.ActiveCfg = Release|Any CPU
		{43CD37B6-9B6D-4471-ACC1-FF62AFEBE83B}.Express .Net 2.0|Any CPU.Build.0 = Release|Any CPU
		{43CD37B6-9B6D-4471-ACC1-FF62AFEBE83B}.Express|Any CPU.ActiveCfg = Release|Any CPU
		{43CD37B6-9B6D-4471-ACC1-FF62AFEBE83B}.Express|Any CPU.Build.0 = Release|Any CPU
		{43CD37B6-9B6D-4471-ACC1-FF62AFEBE83B}.MonoDebug|Any CPU.ActiveCfg = Debug|Any CPU
		{43CD37B6-9B6D-4471-ACC1-FF62AFEBE83B}.MonoDebug|Any CPU.Build.0 = Debug|Any CPU
		{43CD37B6-9B6D-4471-ACC1-FF62AFEBE83B}.MonoExpress|Any CPU.ActiveCfg = Release|Any CPU
		{43CD37B6-9B6D-4471-ACC1-FF62AFEBE83B}.MonoExpress|Any CPU.Build.0 = Release|Any CPU
		{43CD37B6-9B6D-4471-ACC1-FF62AFEBE83B}.MonoRelease|Any CPU.ActiveCfg = Release|Any CPU
		{43CD37B6-9B6D-4471-ACC1-FF62AFEBE83B}.MonoRelease|Any CPU.Build.0 = Release|Any CPU
		{43CD37B6-9B6D-4471-ACC1-FF62AFEBE83B}.MonoStandard|Any CPU.ActiveCfg = Release|Any CPU
		{43CD37B6-9B6D-4471-ACC1-FF62AFEBE83B}.MonoStandard|Any CPU.Build.0 = Release|Any CPU
		{43CD37B6-9B6D-4471-ACC1-FF62AFEBE83B}.Release .Net 2.0|Any CPU.ActiveCfg = Release|Any CPU
		{43CD37B6-9B6D-4471-ACC1-FF62AFEBE83B}.Release .Net 2.0|Any CPU.Build.0 = Release|Any CPU
		{43CD37B6-9B6D-4471-ACC1-FF62AFEBE83B}.Release|Any CPU.ActiveCfg = Release|Any CPU
		{43CD37B6-9B6D-4471-ACC1-FF62AFEBE83B}.Release|Any CPU.Build.0 = Release|Any CPU
		{43CD37B6-9B6D-4471-ACC1-FF62AFEBE83B}.Standard .Net 2.0|Any CPU.ActiveCfg = Release|Any CPU
		{43CD37B6-9B6D-4471-ACC1-FF62AFEBE83B}.Standard .Net 2.0|Any CPU.Build.0 = Release|Any CPU
		{43CD37B6-9B6D-4471-ACC1-FF62AFEBE83B}.Standard|Any CPU.ActiveCfg = Release|Any CPU
		{43CD37B6-9B6D-4471-ACC1-FF62AFEBE83B}.Standard|Any CPU.Build.0 = Release|Any CPU
	EndGlobalSection
	GlobalSection(SolutionProperties) = preSolution
		HideSolutionNode = FALSE
	EndGlobalSection
	GlobalSection(NestedProjects) = preSolution
		{587C669A-9210-4EFA-9FEE-DDB20D5CE2DF} = {8381F7C6-ABBA-4FA0-94A2-760983C23372}
		{D2997051-D59C-46D1-9566-3995ED3857F7} = {8381F7C6-ABBA-4FA0-94A2-760983C23372}
		{55007343-7386-426C-9C87-D44E95A2196A} = {8381F7C6-ABBA-4FA0-94A2-760983C23372}
		{17959804-7A35-49F8-B4A4-4B5E3F8B242D} = {55007343-7386-426C-9C87-D44E95A2196A}
		{6E78FC0F-A616-4E95-B8F0-0E1FC7CCB45C} = {17959804-7A35-49F8-B4A4-4B5E3F8B242D}
		{6D7260B8-EF11-4428-B2CE-1D0C9A1ED393} = {17959804-7A35-49F8-B4A4-4B5E3F8B242D}
		{4CC7C4D8-0711-4FCE-A905-F506EF71B9CB} = {17959804-7A35-49F8-B4A4-4B5E3F8B242D}
		{38CE363D-3D14-48BC-B091-1870DA65246F} = {17959804-7A35-49F8-B4A4-4B5E3F8B242D}
		{AFB645E1-1ECC-456B-8336-1648BF7F5BBD} = {17959804-7A35-49F8-B4A4-4B5E3F8B242D}
		{FA973183-DD12-4AFD-B5A5-9C3D54BF4DBF} = {C5B8E196-F706-4297-9DFB-642BB5B51195}
		{39203ED1-D19C-42FC-8821-1EAFF969CF63} = {C5B8E196-F706-4297-9DFB-642BB5B51195}
		{63289349-10C7-414B-B515-1A8275A49C34} = {C5B8E196-F706-4297-9DFB-642BB5B51195}
		{042C21FD-268E-4825-B612-D5CBAD82969B} = {C5B8E196-F706-4297-9DFB-642BB5B51195}
		{8F03406E-1054-4BA2-8900-364DC329E39A} = {C5B8E196-F706-4297-9DFB-642BB5B51195}
		{B52A0ECD-C8C0-453B-80F9-EF3E41F434EB} = {C5B8E196-F706-4297-9DFB-642BB5B51195}
		{57241B0F-440E-43F7-BF68-F8F06FE2E6FB} = {8381F7C6-ABBA-4FA0-94A2-760983C23372}
		{317875CB-47A3-45B0-B01B-14365B4FC01A} = {57241B0F-440E-43F7-BF68-F8F06FE2E6FB}
		{D7DADDC8-558D-42A0-98E9-E6D0900E602C} = {57241B0F-440E-43F7-BF68-F8F06FE2E6FB}
		{08D6BF9C-27CC-48CD-8A62-91FBAE5FFE12} = {57241B0F-440E-43F7-BF68-F8F06FE2E6FB}
		{421B2460-F68E-49CD-A383-987FD26321F6} = {D7DADDC8-558D-42A0-98E9-E6D0900E602C}
		{55176D8C-599A-44AA-8EC0-6D1A2A69E6CB} = {D7DADDC8-558D-42A0-98E9-E6D0900E602C}
		{9B8F93BA-11E2-481F-9E37-870CDEE7FF1F} = {D7DADDC8-558D-42A0-98E9-E6D0900E602C}
		{21BB5D83-2027-42A6-8C27-AAD497CECF6C} = {D7DADDC8-558D-42A0-98E9-E6D0900E602C}
		{44028B4D-0A49-4B7C-9560-06A7108AD931} = {587C669A-9210-4EFA-9FEE-DDB20D5CE2DF}
		{3ED595D4-8E15-4FED-9295-E581B668D4CC} = {587C669A-9210-4EFA-9FEE-DDB20D5CE2DF}
		{C29A2C46-1614-47AF-808F-B41C4E7BDB5E} = {D2997051-D59C-46D1-9566-3995ED3857F7}
		{F2702661-627F-4E6D-A5A9-8712DCE28DD4} = {D2997051-D59C-46D1-9566-3995ED3857F7}
		{23AC12A5-E6A7-4E6F-B5CA-BDE3E16EA197} = {55007343-7386-426C-9C87-D44E95A2196A}
		{B847DB3C-DC11-4D6C-B82F-D952CC16142A} = {55007343-7386-426C-9C87-D44E95A2196A}
		{E6306AF6-6A55-4FFB-B462-5221F98EB257} = {55007343-7386-426C-9C87-D44E95A2196A}
		{77A274DC-4089-46F0-A31A-8350A23B8C34} = {55007343-7386-426C-9C87-D44E95A2196A}
		{756E7814-F205-4A5E-9F76-EE2FAA22AE90} = {FA973183-DD12-4AFD-B5A5-9C3D54BF4DBF}
		{71FFDDDC-92CB-49B4-B441-D809DEEA00ED} = {C5B8E196-F706-4297-9DFB-642BB5B51195}
		{6F99141C-E0B9-4DF1-B3C8-B1DD3737B34E} = {C5B8E196-F706-4297-9DFB-642BB5B51195}
		{6B99F95C-5AB0-4CFE-9FD2-954D966174F0} = {39203ED1-D19C-42FC-8821-1EAFF969CF63}
		{618DF1A0-8D78-4B86-B714-6C3A76A5F72A} = {63289349-10C7-414B-B515-1A8275A49C34}
		{A87723CC-F965-4BB5-972C-0B200E41160F} = {042C21FD-268E-4825-B612-D5CBAD82969B}
		{EBF7DFE9-3B4C-4F98-BB4E-C32D0B07466C} = {B52A0ECD-C8C0-453B-80F9-EF3E41F434EB}
		{2EE0F4AD-A7CD-4931-A824-BC5B973A7F44} = {317875CB-47A3-45B0-B01B-14365B4FC01A}
		{860E9BF5-ECA0-403C-92B2-D8DDB696BB1B} = {421B2460-F68E-49CD-A383-987FD26321F6}
		{DF442913-716B-4A18-8A70-004B0FEB0168} = {55176D8C-599A-44AA-8EC0-6D1A2A69E6CB}
		{76558DAD-B319-498B-B8AC-89C25682FA01} = {9B8F93BA-11E2-481F-9E37-870CDEE7FF1F}
		{24D21FC0-59B8-4208-AA1D-1B30D3F3C101} = {21BB5D83-2027-42A6-8C27-AAD497CECF6C}
		{43CD37B6-9B6D-4471-ACC1-FF62AFEBE83B} = {08D6BF9C-27CC-48CD-8A62-91FBAE5FFE12}
	EndGlobalSection
	GlobalSection(ExtensibilityGlobals) = postSolution
		SolutionGuid = {A23D9DD8-B351-4CC3-89D5-893D08E3282D}
	EndGlobalSection
EndGlobal
